// !$*UTF8*$!
{
	archiveVersion = 1;
	classes = {
	};
	objectVersion = 46;
	objects = {

/* Begin PBXBuildFile section */
		8385E3AD19C4420700B3B1E3 /* Foundation.framework in Frameworks */ = {isa = PBXBuildFile; fileRef = 8385E3AC19C4420700B3B1E3 /* Foundation.framework */; };
		8385E3AF19C4420700B3B1E3 /* CoreGraphics.framework in Frameworks */ = {isa = PBXBuildFile; fileRef = 8385E3AE19C4420700B3B1E3 /* CoreGraphics.framework */; };
		8385E3B119C4420700B3B1E3 /* UIKit.framework in Frameworks */ = {isa = PBXBuildFile; fileRef = 8385E3B019C4420700B3B1E3 /* UIKit.framework */; };
		8385E3B719C4420700B3B1E3 /* InfoPlist.strings in Resources */ = {isa = PBXBuildFile; fileRef = 8385E3B519C4420700B3B1E3 /* InfoPlist.strings */; };
		8385E3B919C4420700B3B1E3 /* main.m in Sources */ = {isa = PBXBuildFile; fileRef = 8385E3B819C4420700B3B1E3 /* main.m */; };
		8385E3BD19C4420700B3B1E3 /* AYAppDelegate.m in Sources */ = {isa = PBXBuildFile; fileRef = 8385E3BC19C4420700B3B1E3 /* AYAppDelegate.m */; };
		8385E3C019C4420700B3B1E3 /* Main.storyboard in Resources */ = {isa = PBXBuildFile; fileRef = 8385E3BE19C4420700B3B1E3 /* Main.storyboard */; };
		8385E3C319C4420700B3B1E3 /* AYViewController.m in Sources */ = {isa = PBXBuildFile; fileRef = 8385E3C219C4420700B3B1E3 /* AYViewController.m */; };
		8385E3C519C4420700B3B1E3 /* Images.xcassets in Resources */ = {isa = PBXBuildFile; fileRef = 8385E3C419C4420700B3B1E3 /* Images.xcassets */; };
		8385E3CC19C4420700B3B1E3 /* XCTest.framework in Frameworks */ = {isa = PBXBuildFile; fileRef = 8385E3CB19C4420700B3B1E3 /* XCTest.framework */; };
		8385E3CD19C4420700B3B1E3 /* Foundation.framework in Frameworks */ = {isa = PBXBuildFile; fileRef = 8385E3AC19C4420700B3B1E3 /* Foundation.framework */; };
		8385E3CE19C4420700B3B1E3 /* UIKit.framework in Frameworks */ = {isa = PBXBuildFile; fileRef = 8385E3B019C4420700B3B1E3 /* UIKit.framework */; };
		8385E3D619C4420700B3B1E3 /* InfoPlist.strings in Resources */ = {isa = PBXBuildFile; fileRef = 8385E3D419C4420700B3B1E3 /* InfoPlist.strings */; };
		8385E3D819C4420700B3B1E3 /* FriendBookTests.m in Sources */ = {isa = PBXBuildFile; fileRef = 8385E3D719C4420700B3B1E3 /* FriendBookTests.m */; };
		8385E3E219C4423C00B3B1E3 /* FacebookSDK.framework in Frameworks */ = {isa = PBXBuildFile; fileRef = 8385E3E119C4423C00B3B1E3 /* FacebookSDK.framework */; };
/* End PBXBuildFile section */

/* Begin PBXContainerItemProxy section */
		8385E3CF19C4420700B3B1E3 /* PBXContainerItemProxy */ = {
			isa = PBXContainerItemProxy;
			containerPortal = 8385E3A119C4420700B3B1E3 /* Project object */;
			proxyType = 1;
			remoteGlobalIDString = 8385E3A819C4420700B3B1E3;
			remoteInfo = FriendBook;
		};
/* End PBXContainerItemProxy section */

/* Begin PBXFileReference section */
		8385E3A919C4420700B3B1E3 /* FriendBook.app */ = {isa = PBXFileReference; explicitFileType = wrapper.application; includeInIndex = 0; path = FriendBook.app; sourceTree = BUILT_PRODUCTS_DIR; };
		8385E3AC19C4420700B3B1E3 /* Foundation.framework */ = {isa = PBXFileReference; lastKnownFileType = wrapper.framework; name = Foundation.framework; path = System/Library/Frameworks/Foundation.framework; sourceTree = SDKROOT; };
		8385E3AE19C4420700B3B1E3 /* CoreGraphics.framework */ = {isa = PBXFileReference; lastKnownFileType = wrapper.framework; name = CoreGraphics.framework; path = System/Library/Frameworks/CoreGraphics.framework; sourceTree = SDKROOT; };
		8385E3B019C4420700B3B1E3 /* UIKit.framework */ = {isa = PBXFileReference; lastKnownFileType = wrapper.framework; name = UIKit.framework; path = System/Library/Frameworks/UIKit.framework; sourceTree = SDKROOT; };
		8385E3B419C4420700B3B1E3 /* FriendBook-Info.plist */ = {isa = PBXFileReference; lastKnownFileType = text.plist.xml; path = "FriendBook-Info.plist"; sourceTree = "<group>"; };
		8385E3B619C4420700B3B1E3 /* en */ = {isa = PBXFileReference; lastKnownFileType = text.plist.strings; name = en; path = en.lproj/InfoPlist.strings; sourceTree = "<group>"; };
		8385E3B819C4420700B3B1E3 /* main.m */ = {isa = PBXFileReference; lastKnownFileType = sourcecode.c.objc; path = main.m; sourceTree = "<group>"; };
		8385E3BA19C4420700B3B1E3 /* FriendBook-Prefix.pch */ = {isa = PBXFileReference; lastKnownFileType = sourcecode.c.h; path = "FriendBook-Prefix.pch"; sourceTree = "<group>"; };
		8385E3BB19C4420700B3B1E3 /* AYAppDelegate.h */ = {isa = PBXFileReference; lastKnownFileType = sourcecode.c.h; path = AYAppDelegate.h; sourceTree = "<group>"; };
		8385E3BC19C4420700B3B1E3 /* AYAppDelegate.m */ = {isa = PBXFileReference; lastKnownFileType = sourcecode.c.objc; path = AYAppDelegate.m; sourceTree = "<group>"; };
		8385E3BF19C4420700B3B1E3 /* Base */ = {isa = PBXFileReference; lastKnownFileType = file.storyboard; name = Base; path = Base.lproj/Main.storyboard; sourceTree = "<group>"; };
		8385E3C119C4420700B3B1E3 /* AYViewController.h */ = {isa = PBXFileReference; lastKnownFileType = sourcecode.c.h; path = AYViewController.h; sourceTree = "<group>"; };
		8385E3C219C4420700B3B1E3 /* AYViewController.m */ = {isa = PBXFileReference; lastKnownFileType = sourcecode.c.objc; path = AYViewController.m; sourceTree = "<group>"; };
		8385E3C419C4420700B3B1E3 /* Images.xcassets */ = {isa = PBXFileReference; lastKnownFileType = folder.assetcatalog; path = Images.xcassets; sourceTree = "<group>"; };
		8385E3CA19C4420700B3B1E3 /* FriendBookTests.xctest */ = {isa = PBXFileReference; explicitFileType = wrapper.cfbundle; includeInIndex = 0; path = FriendBookTests.xctest; sourceTree = BUILT_PRODUCTS_DIR; };
		8385E3CB19C4420700B3B1E3 /* XCTest.framework */ = {isa = PBXFileReference; lastKnownFileType = wrapper.framework; name = XCTest.framework; path = Library/Frameworks/XCTest.framework; sourceTree = DEVELOPER_DIR; };
		8385E3D319C4420700B3B1E3 /* FriendBookTests-Info.plist */ = {isa = PBXFileReference; lastKnownFileType = text.plist.xml; path = "FriendBookTests-Info.plist"; sourceTree = "<group>"; };
		8385E3D519C4420700B3B1E3 /* en */ = {isa = PBXFileReference; lastKnownFileType = text.plist.strings; name = en; path = en.lproj/InfoPlist.strings; sourceTree = "<group>"; };
		8385E3D719C4420700B3B1E3 /* FriendBookTests.m */ = {isa = PBXFileReference; lastKnownFileType = sourcecode.c.objc; path = FriendBookTests.m; sourceTree = "<group>"; };
		8385E3E119C4423C00B3B1E3 /* FacebookSDK.framework */ = {isa = PBXFileReference; lastKnownFileType = wrapper.framework; path = FacebookSDK.framework; sourceTree = "<group>"; };
/* End PBXFileReference section */

/* Begin PBXFrameworksBuildPhase section */
		8385E3A619C4420700B3B1E3 /* Frameworks */ = {
			isa = PBXFrameworksBuildPhase;
			buildActionMask = 2147483647;
			files = (
				8385E3AF19C4420700B3B1E3 /* CoreGraphics.framework in Frameworks */,
				8385E3E219C4423C00B3B1E3 /* FacebookSDK.framework in Frameworks */,
				8385E3B119C4420700B3B1E3 /* UIKit.framework in Frameworks */,
				8385E3AD19C4420700B3B1E3 /* Foundation.framework in Frameworks */,
			);
			runOnlyForDeploymentPostprocessing = 0;
		};
		8385E3C719C4420700B3B1E3 /* Frameworks */ = {
			isa = PBXFrameworksBuildPhase;
			buildActionMask = 2147483647;
			files = (
				8385E3CC19C4420700B3B1E3 /* XCTest.framework in Frameworks */,
				8385E3CE19C4420700B3B1E3 /* UIKit.framework in Frameworks */,
				8385E3CD19C4420700B3B1E3 /* Foundation.framework in Frameworks */,
			);
			runOnlyForDeploymentPostprocessing = 0;
		};
/* End PBXFrameworksBuildPhase section */

/* Begin PBXGroup section */
		8385E3A019C4420700B3B1E3 = {
			isa = PBXGroup;
			children = (
				8385E3B219C4420700B3B1E3 /* FriendBook */,
				8385E3D119C4420700B3B1E3 /* FriendBookTests */,
				8385E3AB19C4420700B3B1E3 /* Frameworks */,
				8385E3AA19C4420700B3B1E3 /* Products */,
			);
			sourceTree = "<group>";
		};
		8385E3AA19C4420700B3B1E3 /* Products */ = {
			isa = PBXGroup;
			children = (
				8385E3A919C4420700B3B1E3 /* FriendBook.app */,
				8385E3CA19C4420700B3B1E3 /* FriendBookTests.xctest */,
			);
			name = Products;
			sourceTree = "<group>";
		};
		8385E3AB19C4420700B3B1E3 /* Frameworks */ = {
			isa = PBXGroup;
			children = (
				8385E3E119C4423C00B3B1E3 /* FacebookSDK.framework */,
				8385E3AC19C4420700B3B1E3 /* Foundation.framework */,
				8385E3AE19C4420700B3B1E3 /* CoreGraphics.framework */,
				8385E3B019C4420700B3B1E3 /* UIKit.framework */,
				8385E3CB19C4420700B3B1E3 /* XCTest.framework */,
			);
			name = Frameworks;
			sourceTree = "<group>";
		};
		8385E3B219C4420700B3B1E3 /* FriendBook */ = {
			isa = PBXGroup;
			children = (
				8385E3BB19C4420700B3B1E3 /* AYAppDelegate.h */,
				8385E3BC19C4420700B3B1E3 /* AYAppDelegate.m */,
				8385E3BE19C4420700B3B1E3 /* Main.storyboard */,
				8385E3C119C4420700B3B1E3 /* AYViewController.h */,
				8385E3C219C4420700B3B1E3 /* AYViewController.m */,
				8385E3C419C4420700B3B1E3 /* Images.xcassets */,
				8385E3B319C4420700B3B1E3 /* Supporting Files */,
			);
			path = FriendBook;
			sourceTree = "<group>";
		};
		8385E3B319C4420700B3B1E3 /* Supporting Files */ = {
			isa = PBXGroup;
			children = (
				8385E3B419C4420700B3B1E3 /* FriendBook-Info.plist */,
				8385E3B519C4420700B3B1E3 /* InfoPlist.strings */,
				8385E3B819C4420700B3B1E3 /* main.m */,
				8385E3BA19C4420700B3B1E3 /* FriendBook-Prefix.pch */,
			);
			name = "Supporting Files";
			sourceTree = "<group>";
		};
		8385E3D119C4420700B3B1E3 /* FriendBookTests */ = {
			isa = PBXGroup;
			children = (
				8385E3D719C4420700B3B1E3 /* FriendBookTests.m */,
				8385E3D219C4420700B3B1E3 /* Supporting Files */,
			);
			path = FriendBookTests;
			sourceTree = "<group>";
		};
		8385E3D219C4420700B3B1E3 /* Supporting Files */ = {
			isa = PBXGroup;
			children = (
				8385E3D319C4420700B3B1E3 /* FriendBookTests-Info.plist */,
				8385E3D419C4420700B3B1E3 /* InfoPlist.strings */,
			);
			name = "Supporting Files";
			sourceTree = "<group>";
		};
/* End PBXGroup section */

/* Begin PBXNativeTarget section */
		8385E3A819C4420700B3B1E3 /* FriendBook */ = {
			isa = PBXNativeTarget;
			buildConfigurationList = 8385E3DB19C4420700B3B1E3 /* Build configuration list for PBXNativeTarget "FriendBook" */;
			buildPhases = (
				8385E3A519C4420700B3B1E3 /* Sources */,
				8385E3A619C4420700B3B1E3 /* Frameworks */,
				8385E3A719C4420700B3B1E3 /* Resources */,
			);
			buildRules = (
			);
			dependencies = (
			);
			name = FriendBook;
			productName = FriendBook;
			productReference = 8385E3A919C4420700B3B1E3 /* FriendBook.app */;
			productType = "com.apple.product-type.application";
		};
		8385E3C919C4420700B3B1E3 /* FriendBookTests */ = {
			isa = PBXNativeTarget;
			buildConfigurationList = 8385E3DE19C4420700B3B1E3 /* Build configuration list for PBXNativeTarget "FriendBookTests" */;
			buildPhases = (
				8385E3C619C4420700B3B1E3 /* Sources */,
				8385E3C719C4420700B3B1E3 /* Frameworks */,
				8385E3C819C4420700B3B1E3 /* Resources */,
			);
			buildRules = (
			);
			dependencies = (
				8385E3D019C4420700B3B1E3 /* PBXTargetDependency */,
			);
			name = FriendBookTests;
			productName = FriendBookTests;
			productReference = 8385E3CA19C4420700B3B1E3 /* FriendBookTests.xctest */;
			productType = "com.apple.product-type.bundle.unit-test";
		};
/* End PBXNativeTarget section */

/* Begin PBXProject section */
		8385E3A119C4420700B3B1E3 /* Project object */ = {
			isa = PBXProject;
			attributes = {
				CLASSPREFIX = AY;
				LastUpgradeCheck = 0510;
				ORGANIZATIONNAME = "Asaph Yuan";
				TargetAttributes = {
					8385E3C919C4420700B3B1E3 = {
						TestTargetID = 8385E3A819C4420700B3B1E3;
					};
				};
			};
			buildConfigurationList = 8385E3A419C4420700B3B1E3 /* Build configuration list for PBXProject "FriendBook" */;
			compatibilityVersion = "Xcode 3.2";
			developmentRegion = English;
			hasScannedForEncodings = 0;
			knownRegions = (
				en,
				Base,
			);
			mainGroup = 8385E3A019C4420700B3B1E3;
			productRefGroup = 8385E3AA19C4420700B3B1E3 /* Products */;
			projectDirPath = "";
			projectRoot = "";
			targets = (
				8385E3A819C4420700B3B1E3 /* FriendBook */,
				8385E3C919C4420700B3B1E3 /* FriendBookTests */,
			);
		};
/* End PBXProject section */

/* Begin PBXResourcesBuildPhase section */
		8385E3A719C4420700B3B1E3 /* Resources */ = {
			isa = PBXResourcesBuildPhase;
			buildActionMask = 2147483647;
			files = (
				8385E3C519C4420700B3B1E3 /* Images.xcassets in Resources */,
				8385E3B719C4420700B3B1E3 /* InfoPlist.strings in Resources */,
				8385E3C019C4420700B3B1E3 /* Main.storyboard in Resources */,
			);
			runOnlyForDeploymentPostprocessing = 0;
		};
		8385E3C819C4420700B3B1E3 /* Resources */ = {
			isa = PBXResourcesBuildPhase;
			buildActionMask = 2147483647;
			files = (
				8385E3D619C4420700B3B1E3 /* InfoPlist.strings in Resources */,
			);
			runOnlyForDeploymentPostprocessing = 0;
		};
/* End PBXResourcesBuildPhase section */

/* Begin PBXSourcesBuildPhase section */
		8385E3A519C4420700B3B1E3 /* Sources */ = {
			isa = PBXSourcesBuildPhase;
			buildActionMask = 2147483647;
			files = (
				8385E3BD19C4420700B3B1E3 /* AYAppDelegate.m in Sources */,
				8385E3C319C4420700B3B1E3 /* AYViewController.m in Sources */,
				8385E3B919C4420700B3B1E3 /* main.m in Sources */,
			);
			runOnlyForDeploymentPostprocessing = 0;
		};
		8385E3C619C4420700B3B1E3 /* Sources */ = {
			isa = PBXSourcesBuildPhase;
			buildActionMask = 2147483647;
			files = (
				8385E3D819C4420700B3B1E3 /* FriendBookTests.m in Sources */,
			);
			runOnlyForDeploymentPostprocessing = 0;
		};
/* End PBXSourcesBuildPhase section */

/* Begin PBXTargetDependency section */
		8385E3D019C4420700B3B1E3 /* PBXTargetDependency */ = {
			isa = PBXTargetDependency;
			target = 8385E3A819C4420700B3B1E3 /* FriendBook */;
			targetProxy = 8385E3CF19C4420700B3B1E3 /* PBXContainerItemProxy */;
		};
/* End PBXTargetDependency section */

/* Begin PBXVariantGroup section */
		8385E3B519C4420700B3B1E3 /* InfoPlist.strings */ = {
			isa = PBXVariantGroup;
			children = (
				8385E3B619C4420700B3B1E3 /* en */,
			);
			name = InfoPlist.strings;
			sourceTree = "<group>";
		};
		8385E3BE19C4420700B3B1E3 /* Main.storyboard */ = {
			isa = PBXVariantGroup;
			children = (
				8385E3BF19C4420700B3B1E3 /* Base */,
			);
			name = Main.storyboard;
			sourceTree = "<group>";
		};
		8385E3D419C4420700B3B1E3 /* InfoPlist.strings */ = {
			isa = PBXVariantGroup;
			children = (
				8385E3D519C4420700B3B1E3 /* en */,
			);
			name = InfoPlist.strings;
			sourceTree = "<group>";
		};
/* End PBXVariantGroup section */

/* Begin XCBuildConfiguration section */
		8385E3D919C4420700B3B1E3 /* Debug */ = {
			isa = XCBuildConfiguration;
			buildSettings = {
				ALWAYS_SEARCH_USER_PATHS = NO;
				CLANG_CXX_LANGUAGE_STANDARD = "gnu++0x";
				CLANG_CXX_LIBRARY = "libc++";
				CLANG_ENABLE_MODULES = YES;
				CLANG_ENABLE_OBJC_ARC = YES;
				CLANG_WARN_BOOL_CONVERSION = YES;
				CLANG_WARN_CONSTANT_CONVERSION = YES;
				CLANG_WARN_DIRECT_OBJC_ISA_USAGE = YES_ERROR;
				CLANG_WARN_EMPTY_BODY = YES;
				CLANG_WARN_ENUM_CONVERSION = YES;
				CLANG_WARN_INT_CONVERSION = YES;
				CLANG_WARN_OBJC_ROOT_CLASS = YES_ERROR;
				CLANG_WARN__DUPLICATE_METHOD_MATCH = YES;
				"CODE_SIGN_IDENTITY[sdk=iphoneos*]" = "iPhone Developer";
				COPY_PHASE_STRIP = NO;
				GCC_C_LANGUAGE_STANDARD = gnu99;
				GCC_DYNAMIC_NO_PIC = NO;
				GCC_OPTIMIZATION_LEVEL = 0;
				GCC_PREPROCESSOR_DEFINITIONS = (
					"DEBUG=1",
					"$(inherited)",
				);
				GCC_SYMBOLS_PRIVATE_EXTERN = NO;
				GCC_WARN_64_TO_32_BIT_CONVERSION = YES;
				GCC_WARN_ABOUT_RETURN_TYPE = YES_ERROR;
				GCC_WARN_UNDECLARED_SELECTOR = YES;
				GCC_WARN_UNINITIALIZED_AUTOS = YES_AGGRESSIVE;
				GCC_WARN_UNUSED_FUNCTION = YES;
				GCC_WARN_UNUSED_VARIABLE = YES;
				IPHONEOS_DEPLOYMENT_TARGET = 7.1;
				ONLY_ACTIVE_ARCH = YES;
				SDKROOT = iphoneos;
			};
			name = Debug;
		};
		8385E3DA19C4420700B3B1E3 /* Release */ = {
			isa = XCBuildConfiguration;
			buildSettings = {
				ALWAYS_SEARCH_USER_PATHS = NO;
				CLANG_CXX_LANGUAGE_STANDARD = "gnu++0x";
				CLANG_CXX_LIBRARY = "libc++";
				CLANG_ENABLE_MODULES = YES;
				CLANG_ENABLE_OBJC_ARC = YES;
				CLANG_WARN_BOOL_CONVERSION = YES;
				CLANG_WARN_CONSTANT_CONVERSION = YES;
				CLANG_WARN_DIRECT_OBJC_ISA_USAGE = YES_ERROR;
				CLANG_WARN_EMPTY_BODY = YES;
				CLANG_WARN_ENUM_CONVERSION = YES;
				CLANG_WARN_INT_CONVERSION = YES;
				CLANG_WARN_OBJC_ROOT_CLASS = YES_ERROR;
				CLANG_WARN__DUPLICATE_METHOD_MATCH = YES;
				"CODE_SIGN_IDENTITY[sdk=iphoneos*]" = "iPhone Developer";
				COPY_PHASE_STRIP = YES;
				ENABLE_NS_ASSERTIONS = NO;
				GCC_C_LANGUAGE_STANDARD = gnu99;
				GCC_WARN_64_TO_32_BIT_CONVERSION = YES;
				GCC_WARN_ABOUT_RETURN_TYPE = YES_ERROR;
				GCC_WARN_UNDECLARED_SELECTOR = YES;
				GCC_WARN_UNINITIALIZED_AUTOS = YES_AGGRESSIVE;
				GCC_WARN_UNUSED_FUNCTION = YES;
				GCC_WARN_UNUSED_VARIABLE = YES;
				IPHONEOS_DEPLOYMENT_TARGET = 7.1;
				SDKROOT = iphoneos;
				VALIDATE_PRODUCT = YES;
			};
			name = Release;
		};
		8385E3DC19C4420700B3B1E3 /* Debug */ = {
			isa = XCBuildConfiguration;
			buildSettings = {
				ASSETCATALOG_COMPILER_APPICON_NAME = AppIcon;
				ASSETCATALOG_COMPILER_LAUNCHIMAGE_NAME = LaunchImage;
				FRAMEWORK_SEARCH_PATHS = (
					"$(inherited)",
					"$(PROJECT_DIR)",
				);
				GCC_PRECOMPILE_PREFIX_HEADER = YES;
				GCC_PREFIX_HEADER = "FriendBook/FriendBook-Prefix.pch";
				INFOPLIST_FILE = "FriendBook/FriendBook-Info.plist";
				PRODUCT_NAME = "$(TARGET_NAME)";
				WRAPPER_EXTENSION = app;
			};
			name = Debug;
		};
		8385E3DD19C4420700B3B1E3 /* Release */ = {
			isa = XCBuildConfiguration;
			buildSettings = {
				ASSETCATALOG_COMPILER_APPICON_NAME = AppIcon;
				ASSETCATALOG_COMPILER_LAUNCHIMAGE_NAME = LaunchImage;
				FRAMEWORK_SEARCH_PATHS = (
					"$(inherited)",
					"$(PROJECT_DIR)",
				);
				GCC_PRECOMPILE_PREFIX_HEADER = YES;
				GCC_PREFIX_HEADER = "FriendBook/FriendBook-Prefix.pch";
				INFOPLIST_FILE = "FriendBook/FriendBook-Info.plist";
				PRODUCT_NAME = "$(TARGET_NAME)";
				WRAPPER_EXTENSION = app;
			};
			name = Release;
		};
		8385E3DF19C4420700B3B1E3 /* Debug */ = {
			isa = XCBuildConfiguration;
			buildSettings = {
				BUNDLE_LOADER = "$(BUILT_PRODUCTS_DIR)/FriendBook.app/FriendBook";
				FRAMEWORK_SEARCH_PATHS = (
					"$(SDKROOT)/Developer/Library/Frameworks",
					"$(inherited)",
					"$(DEVELOPER_FRAMEWORKS_DIR)",
				);
				GCC_PRECOMPILE_PREFIX_HEADER = YES;
				GCC_PREFIX_HEADER = "FriendBook/FriendBook-Prefix.pch";
				GCC_PREPROCESSOR_DEFINITIONS = (
					"DEBUG=1",
					"$(inherited)",
				);
				INFOPLIST_FILE = "FriendBookTests/FriendBookTests-Info.plist";
				PRODUCT_NAME = "$(TARGET_NAME)";
				TEST_HOST = "$(BUNDLE_LOADER)";
				WRAPPER_EXTENSION = xctest;
			};
			name = Debug;
		};
		8385E3E019C4420700B3B1E3 /* Release */ = {
			isa = XCBuildConfiguration;
			buildSettings = {
				BUNDLE_LOADER = "$(BUILT_PRODUCTS_DIR)/FriendBook.app/FriendBook";
				FRAMEWORK_SEARCH_PATHS = (
					"$(SDKROOT)/Developer/Library/Frameworks",
					"$(inherited)",
					"$(DEVELOPER_FRAMEWORKS_DIR)",
				);
				GCC_PRECOMPILE_PREFIX_HEADER = YES;
				GCC_PREFIX_HEADER = "FriendBook/FriendBook-Prefix.pch";
				INFOPLIST_FILE = "FriendBookTests/FriendBookTests-Info.plist";
				PRODUCT_NAME = "$(TARGET_NAME)";
				TEST_HOST = "$(BUNDLE_LOADER)";
				WRAPPER_EXTENSION = xctest;
			};
			name = Release;
		};
/* End XCBuildConfiguration section */

/* Begin XCConfigurationList section */
		8385E3A419C4420700B3B1E3 /* Build configuration list for PBXProject "FriendBook" */ = {
			isa = XCConfigurationList;
			buildConfigurations = (
				8385E3D919C4420700B3B1E3 /* Debug */,
				8385E3DA19C4420700B3B1E3 /* Release */,
			);
			defaultConfigurationIsVisible = 0;
			defaultConfigurationName = Release;
		};
		8385E3DB19C4420700B3B1E3 /* Build configuration list for PBXNativeTarget "FriendBook" */ = {
			isa = XCConfigurationList;
			buildConfigurations = (
				8385E3DC19C4420700B3B1E3 /* Debug */,
				8385E3DD19C4420700B3B1E3 /* Release */,
			);
			defaultConfigurationIsVisible = 0;
		};
		8385E3DE19C4420700B3B1E3 /* Build configuration list for PBXNativeTarget "FriendBookTests" */ = {
			isa = XCConfigurationList;
			buildConfigurations = (
				8385E3DF19C4420700B3B1E3 /* Debug */,
				8385E3E019C4420700B3B1E3 /* Release */,
			);
			defaultConfigurationIsVisible = 0;
		};
/* End XCConfigurationList section */
	};
	rootObject = 8385E3A119C4420700B3B1E3 /* Project object */;
}
