// !$*UTF8*$!
{
	archiveVersion = 1;
	classes = {
	};
	objectVersion = 46;
	objects = {

/* Begin PBXBuildFile section */
		8358EB081BA21A3500DF214A /* AudioToolbox.framework in Frameworks */ = {isa = PBXBuildFile; fileRef = 8358EB071BA21A3500DF214A /* AudioToolbox.framework */; };
		8358EB0B1BA21D0600DF214A /* timer.mp3 in Resources */ = {isa = PBXBuildFile; fileRef = 8358EB0A1BA21D0600DF214A /* timer.mp3 */; };
		838F07231B84C8B9004F1E22 /* AppDelegate.swift in Sources */ = {isa = PBXBuildFile; fileRef = 838F07221B84C8B9004F1E22 /* AppDelegate.swift */; };
		838F07251B84C8B9004F1E22 /* ViewController.swift in Sources */ = {isa = PBXBuildFile; fileRef = 838F07241B84C8B9004F1E22 /* ViewController.swift */; };
		838F07281B84C8B9004F1E22 /* Main.storyboard in Resources */ = {isa = PBXBuildFile; fileRef = 838F07261B84C8B9004F1E22 /* Main.storyboard */; };
		838F072A1B84C8B9004F1E22 /* Assets.xcassets in Resources */ = {isa = PBXBuildFile; fileRef = 838F07291B84C8B9004F1E22 /* Assets.xcassets */; };
		838F072D1B84C8B9004F1E22 /* LaunchScreen.storyboard in Resources */ = {isa = PBXBuildFile; fileRef = 838F072B1B84C8B9004F1E22 /* LaunchScreen.storyboard */; };
		838F07381B84C8B9004F1E22 /* RoutinesTests.swift in Sources */ = {isa = PBXBuildFile; fileRef = 838F07371B84C8B9004F1E22 /* RoutinesTests.swift */; };
		838F07431B84C8B9004F1E22 /* RoutinesUITests.swift in Sources */ = {isa = PBXBuildFile; fileRef = 838F07421B84C8B9004F1E22 /* RoutinesUITests.swift */; };
		838F07511B84DED5004F1E22 /* RoutineViewController.swift in Sources */ = {isa = PBXBuildFile; fileRef = 838F07501B84DED5004F1E22 /* RoutineViewController.swift */; };
		838F07531B84E329004F1E22 /* routine.swift in Sources */ = {isa = PBXBuildFile; fileRef = 838F07521B84E329004F1E22 /* routine.swift */; };
		B4ABCE2A01F91A1193B97859 /* Pods_Routines.framework in Frameworks */ = {isa = PBXBuildFile; fileRef = 3E9CE422CF065064FED487E3 /* Pods_Routines.framework */; settings = {ATTRIBUTES = (Weak, ); }; };
/* End PBXBuildFile section */

/* Begin PBXContainerItemProxy section */
		838F07341B84C8B9004F1E22 /* PBXContainerItemProxy */ = {
			isa = PBXContainerItemProxy;
			containerPortal = 838F07171B84C8B8004F1E22 /* Project object */;
			proxyType = 1;
			remoteGlobalIDString = 838F071E1B84C8B8004F1E22;
			remoteInfo = Routines;
		};
		838F073F1B84C8B9004F1E22 /* PBXContainerItemProxy */ = {
			isa = PBXContainerItemProxy;
			containerPortal = 838F07171B84C8B8004F1E22 /* Project object */;
			proxyType = 1;
			remoteGlobalIDString = 838F071E1B84C8B8004F1E22;
			remoteInfo = Routines;
		};
/* End PBXContainerItemProxy section */

/* Begin PBXFileReference section */
		29350B0171DB4F5D92A3FA58 /* Pods-Routines.debug.xcconfig */ = {isa = PBXFileReference; includeInIndex = 1; lastKnownFileType = text.xcconfig; name = "Pods-Routines.debug.xcconfig"; path = "Pods/Target Support Files/Pods-Routines/Pods-Routines.debug.xcconfig"; sourceTree = "<group>"; };
		3E9CE422CF065064FED487E3 /* Pods_Routines.framework */ = {isa = PBXFileReference; explicitFileType = wrapper.framework; includeInIndex = 0; path = Pods_Routines.framework; sourceTree = BUILT_PRODUCTS_DIR; };
		8358EB071BA21A3500DF214A /* AudioToolbox.framework */ = {isa = PBXFileReference; lastKnownFileType = wrapper.framework; name = AudioToolbox.framework; path = System/Library/Frameworks/AudioToolbox.framework; sourceTree = SDKROOT; };
		8358EB0A1BA21D0600DF214A /* timer.mp3 */ = {isa = PBXFileReference; lastKnownFileType = audio.mp3; path = timer.mp3; sourceTree = "<group>"; };
		838F071F1B84C8B9004F1E22 /* Routines.app */ = {isa = PBXFileReference; explicitFileType = wrapper.application; includeInIndex = 0; path = Routines.app; sourceTree = BUILT_PRODUCTS_DIR; };
		838F07221B84C8B9004F1E22 /* AppDelegate.swift */ = {isa = PBXFileReference; lastKnownFileType = sourcecode.swift; path = AppDelegate.swift; sourceTree = "<group>"; };
		838F07241B84C8B9004F1E22 /* ViewController.swift */ = {isa = PBXFileReference; lastKnownFileType = sourcecode.swift; path = ViewController.swift; sourceTree = "<group>"; };
		838F07271B84C8B9004F1E22 /* Base */ = {isa = PBXFileReference; lastKnownFileType = file.storyboard; name = Base; path = Base.lproj/Main.storyboard; sourceTree = "<group>"; };
		838F07291B84C8B9004F1E22 /* Assets.xcassets */ = {isa = PBXFileReference; lastKnownFileType = folder.assetcatalog; path = Assets.xcassets; sourceTree = "<group>"; };
		838F072C1B84C8B9004F1E22 /* Base */ = {isa = PBXFileReference; lastKnownFileType = file.storyboard; name = Base; path = Base.lproj/LaunchScreen.storyboard; sourceTree = "<group>"; };
		838F072E1B84C8B9004F1E22 /* Info.plist */ = {isa = PBXFileReference; lastKnownFileType = text.plist.xml; path = Info.plist; sourceTree = "<group>"; };
		838F07331B84C8B9004F1E22 /* RoutinesTests.xctest */ = {isa = PBXFileReference; explicitFileType = wrapper.cfbundle; includeInIndex = 0; path = RoutinesTests.xctest; sourceTree = BUILT_PRODUCTS_DIR; };
		838F07371B84C8B9004F1E22 /* RoutinesTests.swift */ = {isa = PBXFileReference; lastKnownFileType = sourcecode.swift; path = RoutinesTests.swift; sourceTree = "<group>"; };
		838F07391B84C8B9004F1E22 /* Info.plist */ = {isa = PBXFileReference; lastKnownFileType = text.plist.xml; path = Info.plist; sourceTree = "<group>"; };
		838F073E1B84C8B9004F1E22 /* RoutinesUITests.xctest */ = {isa = PBXFileReference; explicitFileType = wrapper.cfbundle; includeInIndex = 0; path = RoutinesUITests.xctest; sourceTree = BUILT_PRODUCTS_DIR; };
		838F07421B84C8B9004F1E22 /* RoutinesUITests.swift */ = {isa = PBXFileReference; lastKnownFileType = sourcecode.swift; path = RoutinesUITests.swift; sourceTree = "<group>"; };
		838F07441B84C8B9004F1E22 /* Info.plist */ = {isa = PBXFileReference; lastKnownFileType = text.plist.xml; path = Info.plist; sourceTree = "<group>"; };
		838F07501B84DED5004F1E22 /* RoutineViewController.swift */ = {isa = PBXFileReference; fileEncoding = 4; lastKnownFileType = sourcecode.swift; path = RoutineViewController.swift; sourceTree = "<group>"; };
		838F07521B84E329004F1E22 /* routine.swift */ = {isa = PBXFileReference; fileEncoding = 4; lastKnownFileType = sourcecode.swift; path = routine.swift; sourceTree = "<group>"; };
		83C94B361B9DE4B70068CB94 /* BridgingHeader.h */ = {isa = PBXFileReference; lastKnownFileType = sourcecode.c.h; path = BridgingHeader.h; sourceTree = "<group>"; };
		986884753262790BDD27B583 /* Pods-Routines.release.xcconfig */ = {isa = PBXFileReference; includeInIndex = 1; lastKnownFileType = text.xcconfig; name = "Pods-Routines.release.xcconfig"; path = "Pods/Target Support Files/Pods-Routines/Pods-Routines.release.xcconfig"; sourceTree = "<group>"; };
/* End PBXFileReference section */

/* Begin PBXFrameworksBuildPhase section */
		838F071C1B84C8B8004F1E22 /* Frameworks */ = {
			isa = PBXFrameworksBuildPhase;
			buildActionMask = 2147483647;
			files = (
				8358EB081BA21A3500DF214A /* AudioToolbox.framework in Frameworks */,
				B4ABCE2A01F91A1193B97859 /* Pods_Routines.framework in Frameworks */,
			);
			runOnlyForDeploymentPostprocessing = 0;
		};
		838F07301B84C8B9004F1E22 /* Frameworks */ = {
			isa = PBXFrameworksBuildPhase;
			buildActionMask = 2147483647;
			files = (
			);
			runOnlyForDeploymentPostprocessing = 0;
		};
		838F073B1B84C8B9004F1E22 /* Frameworks */ = {
			isa = PBXFrameworksBuildPhase;
			buildActionMask = 2147483647;
			files = (
			);
			runOnlyForDeploymentPostprocessing = 0;
		};
/* End PBXFrameworksBuildPhase section */

/* Begin PBXGroup section */
		184451662CD26C698085D1D8 /* Frameworks */ = {
			isa = PBXGroup;
			children = (
				8358EB071BA21A3500DF214A /* AudioToolbox.framework */,
				3E9CE422CF065064FED487E3 /* Pods_Routines.framework */,
			);
			name = Frameworks;
			sourceTree = "<group>";
		};
		8358EB091BA21CF400DF214A /* Sounds */ = {
			isa = PBXGroup;
			children = (
				8358EB0A1BA21D0600DF214A /* timer.mp3 */,
			);
			name = Sounds;
			sourceTree = "<group>";
		};
		838F07161B84C8B8004F1E22 = {
			isa = PBXGroup;
			children = (
				838F07211B84C8B9004F1E22 /* Routines */,
				838F07361B84C8B9004F1E22 /* RoutinesTests */,
				838F07411B84C8B9004F1E22 /* RoutinesUITests */,
				838F07201B84C8B9004F1E22 /* Products */,
				EB96006003DD6A93C329A1A5 /* Pods */,
				184451662CD26C698085D1D8 /* Frameworks */,
			);
			sourceTree = "<group>";
		};
		838F07201B84C8B9004F1E22 /* Products */ = {
			isa = PBXGroup;
			children = (
				838F071F1B84C8B9004F1E22 /* Routines.app */,
				838F07331B84C8B9004F1E22 /* RoutinesTests.xctest */,
				838F073E1B84C8B9004F1E22 /* RoutinesUITests.xctest */,
			);
			name = Products;
			sourceTree = "<group>";
		};
		838F07211B84C8B9004F1E22 /* Routines */ = {
			isa = PBXGroup;
			children = (
				838F07221B84C8B9004F1E22 /* AppDelegate.swift */,
				838F07241B84C8B9004F1E22 /* ViewController.swift */,
				8358EB091BA21CF400DF214A /* Sounds */,
				838F07261B84C8B9004F1E22 /* Main.storyboard */,
				838F07521B84E329004F1E22 /* routine.swift */,
				838F07291B84C8B9004F1E22 /* Assets.xcassets */,
				838F07501B84DED5004F1E22 /* RoutineViewController.swift */,
				83C94B361B9DE4B70068CB94 /* BridgingHeader.h */,
				838F072B1B84C8B9004F1E22 /* LaunchScreen.storyboard */,
				838F072E1B84C8B9004F1E22 /* Info.plist */,
			);
			path = Routines;
			sourceTree = "<group>";
		};
		838F07361B84C8B9004F1E22 /* RoutinesTests */ = {
			isa = PBXGroup;
			children = (
				838F07371B84C8B9004F1E22 /* RoutinesTests.swift */,
				838F07391B84C8B9004F1E22 /* Info.plist */,
			);
			path = RoutinesTests;
			sourceTree = "<group>";
		};
		838F07411B84C8B9004F1E22 /* RoutinesUITests */ = {
			isa = PBXGroup;
			children = (
				838F07421B84C8B9004F1E22 /* RoutinesUITests.swift */,
				838F07441B84C8B9004F1E22 /* Info.plist */,
			);
			path = RoutinesUITests;
			sourceTree = "<group>";
		};
		EB96006003DD6A93C329A1A5 /* Pods */ = {
			isa = PBXGroup;
			children = (
				29350B0171DB4F5D92A3FA58 /* Pods-Routines.debug.xcconfig */,
				986884753262790BDD27B583 /* Pods-Routines.release.xcconfig */,
			);
			name = Pods;
			sourceTree = "<group>";
		};
/* End PBXGroup section */

/* Begin PBXNativeTarget section */
		838F071E1B84C8B8004F1E22 /* Routines */ = {
			isa = PBXNativeTarget;
			buildConfigurationList = 838F07471B84C8B9004F1E22 /* Build configuration list for PBXNativeTarget "Routines" */;
			buildPhases = (
				E8BCF79CABD51F564B947905 /* Check Pods Manifest.lock */,
				838F071B1B84C8B8004F1E22 /* Sources */,
				838F071C1B84C8B8004F1E22 /* Frameworks */,
				838F071D1B84C8B8004F1E22 /* Resources */,
				ABEDD54F5E939234468574D4 /* Embed Pods Frameworks */,
				CCC2EC65ADFE645D8B3CC106 /* Copy Pods Resources */,
			);
			buildRules = (
			);
			dependencies = (
			);
			name = Routines;
			productName = Routines;
			productReference = 838F071F1B84C8B9004F1E22 /* Routines.app */;
			productType = "com.apple.product-type.application";
		};
		838F07321B84C8B9004F1E22 /* RoutinesTests */ = {
			isa = PBXNativeTarget;
			buildConfigurationList = 838F074A1B84C8B9004F1E22 /* Build configuration list for PBXNativeTarget "RoutinesTests" */;
			buildPhases = (
				838F072F1B84C8B9004F1E22 /* Sources */,
				838F07301B84C8B9004F1E22 /* Frameworks */,
				838F07311B84C8B9004F1E22 /* Resources */,
			);
			buildRules = (
			);
			dependencies = (
				838F07351B84C8B9004F1E22 /* PBXTargetDependency */,
			);
			name = RoutinesTests;
			productName = RoutinesTests;
			productReference = 838F07331B84C8B9004F1E22 /* RoutinesTests.xctest */;
			productType = "com.apple.product-type.bundle.unit-test";
		};
		838F073D1B84C8B9004F1E22 /* RoutinesUITests */ = {
			isa = PBXNativeTarget;
			buildConfigurationList = 838F074D1B84C8B9004F1E22 /* Build configuration list for PBXNativeTarget "RoutinesUITests" */;
			buildPhases = (
				838F073A1B84C8B9004F1E22 /* Sources */,
				838F073B1B84C8B9004F1E22 /* Frameworks */,
				838F073C1B84C8B9004F1E22 /* Resources */,
			);
			buildRules = (
			);
			dependencies = (
				838F07401B84C8B9004F1E22 /* PBXTargetDependency */,
			);
			name = RoutinesUITests;
			productName = RoutinesUITests;
			productReference = 838F073E1B84C8B9004F1E22 /* RoutinesUITests.xctest */;
			productType = "com.apple.product-type.bundle.ui-testing";
		};
/* End PBXNativeTarget section */

/* Begin PBXProject section */
		838F07171B84C8B8004F1E22 /* Project object */ = {
			isa = PBXProject;
			attributes = {
				LastSwiftUpdateCheck = 0700;
				LastUpgradeCheck = 0700;
				ORGANIZATIONNAME = "Asaph Yuan";
				TargetAttributes = {
					838F071E1B84C8B8004F1E22 = {
						CreatedOnToolsVersion = 7.0;
						DevelopmentTeam = K95NBX5U3F;
					};
					838F07321B84C8B9004F1E22 = {
						CreatedOnToolsVersion = 7.0;
						TestTargetID = 838F071E1B84C8B8004F1E22;
					};
					838F073D1B84C8B9004F1E22 = {
						CreatedOnToolsVersion = 7.0;
						TestTargetID = 838F071E1B84C8B8004F1E22;
					};
				};
			};
			buildConfigurationList = 838F071A1B84C8B8004F1E22 /* Build configuration list for PBXProject "Routines" */;
			compatibilityVersion = "Xcode 3.2";
			developmentRegion = English;
			hasScannedForEncodings = 0;
			knownRegions = (
				en,
				Base,
			);
			mainGroup = 838F07161B84C8B8004F1E22;
			productRefGroup = 838F07201B84C8B9004F1E22 /* Products */;
			projectDirPath = "";
			projectRoot = "";
			targets = (
				838F071E1B84C8B8004F1E22 /* Routines */,
				838F07321B84C8B9004F1E22 /* RoutinesTests */,
				838F073D1B84C8B9004F1E22 /* RoutinesUITests */,
			);
		};
/* End PBXProject section */

/* Begin PBXResourcesBuildPhase section */
		838F071D1B84C8B8004F1E22 /* Resources */ = {
			isa = PBXResourcesBuildPhase;
			buildActionMask = 2147483647;
			files = (
				8358EB0B1BA21D0600DF214A /* timer.mp3 in Resources */,
				838F072D1B84C8B9004F1E22 /* LaunchScreen.storyboard in Resources */,
				838F072A1B84C8B9004F1E22 /* Assets.xcassets in Resources */,
				838F07281B84C8B9004F1E22 /* Main.storyboard in Resources */,
			);
			runOnlyForDeploymentPostprocessing = 0;
		};
		838F07311B84C8B9004F1E22 /* Resources */ = {
			isa = PBXResourcesBuildPhase;
			buildActionMask = 2147483647;
			files = (
			);
			runOnlyForDeploymentPostprocessing = 0;
		};
		838F073C1B84C8B9004F1E22 /* Resources */ = {
			isa = PBXResourcesBuildPhase;
			buildActionMask = 2147483647;
			files = (
			);
			runOnlyForDeploymentPostprocessing = 0;
		};
/* End PBXResourcesBuildPhase section */

/* Begin PBXShellScriptBuildPhase section */
		ABEDD54F5E939234468574D4 /* Embed Pods Frameworks */ = {
			isa = PBXShellScriptBuildPhase;
			buildActionMask = 2147483647;
			files = (
			);
			inputPaths = (
			);
			name = "Embed Pods Frameworks";
			outputPaths = (
			);
			runOnlyForDeploymentPostprocessing = 0;
			shellPath = /bin/sh;
			shellScript = "\"${SRCROOT}/Pods/Target Support Files/Pods-Routines/Pods-Routines-frameworks.sh\"\n";
			showEnvVarsInLog = 0;
		};
		CCC2EC65ADFE645D8B3CC106 /* Copy Pods Resources */ = {
			isa = PBXShellScriptBuildPhase;
			buildActionMask = 2147483647;
			files = (
			);
			inputPaths = (
			);
			name = "Copy Pods Resources";
			outputPaths = (
			);
			runOnlyForDeploymentPostprocessing = 0;
			shellPath = /bin/sh;
			shellScript = "\"${SRCROOT}/Pods/Target Support Files/Pods-Routines/Pods-Routines-resources.sh\"\n";
			showEnvVarsInLog = 0;
		};
		E8BCF79CABD51F564B947905 /* Check Pods Manifest.lock */ = {
			isa = PBXShellScriptBuildPhase;
			buildActionMask = 2147483647;
			files = (
			);
			inputPaths = (
			);
			name = "Check Pods Manifest.lock";
			outputPaths = (
			);
			runOnlyForDeploymentPostprocessing = 0;
			shellPath = /bin/sh;
			shellScript = "diff \"${PODS_ROOT}/../Podfile.lock\" \"${PODS_ROOT}/Manifest.lock\" > /dev/null\nif [[ $? != 0 ]] ; then\n    cat << EOM\nerror: The sandbox is not in sync with the Podfile.lock. Run 'pod install' or update your CocoaPods installation.\nEOM\n    exit 1\nfi\n";
			showEnvVarsInLog = 0;
		};
/* End PBXShellScriptBuildPhase section */

/* Begin PBXSourcesBuildPhase section */
		838F071B1B84C8B8004F1E22 /* Sources */ = {
			isa = PBXSourcesBuildPhase;
			buildActionMask = 2147483647;
			files = (
				838F07251B84C8B9004F1E22 /* ViewController.swift in Sources */,
				838F07511B84DED5004F1E22 /* RoutineViewController.swift in Sources */,
				838F07531B84E329004F1E22 /* routine.swift in Sources */,
				838F07231B84C8B9004F1E22 /* AppDelegate.swift in Sources */,
			);
			runOnlyForDeploymentPostprocessing = 0;
		};
		838F072F1B84C8B9004F1E22 /* Sources */ = {
			isa = PBXSourcesBuildPhase;
			buildActionMask = 2147483647;
			files = (
				838F07381B84C8B9004F1E22 /* RoutinesTests.swift in Sources */,
			);
			runOnlyForDeploymentPostprocessing = 0;
		};
		838F073A1B84C8B9004F1E22 /* Sources */ = {
			isa = PBXSourcesBuildPhase;
			buildActionMask = 2147483647;
			files = (
				838F07431B84C8B9004F1E22 /* RoutinesUITests.swift in Sources */,
			);
			runOnlyForDeploymentPostprocessing = 0;
		};
/* End PBXSourcesBuildPhase section */

/* Begin PBXTargetDependency section */
		838F07351B84C8B9004F1E22 /* PBXTargetDependency */ = {
			isa = PBXTargetDependency;
			target = 838F071E1B84C8B8004F1E22 /* Routines */;
			targetProxy = 838F07341B84C8B9004F1E22 /* PBXContainerItemProxy */;
		};
		838F07401B84C8B9004F1E22 /* PBXTargetDependency */ = {
			isa = PBXTargetDependency;
			target = 838F071E1B84C8B8004F1E22 /* Routines */;
			targetProxy = 838F073F1B84C8B9004F1E22 /* PBXContainerItemProxy */;
		};
/* End PBXTargetDependency section */

/* Begin PBXVariantGroup section */
		838F07261B84C8B9004F1E22 /* Main.storyboard */ = {
			isa = PBXVariantGroup;
			children = (
				838F07271B84C8B9004F1E22 /* Base */,
			);
			name = Main.storyboard;
			sourceTree = "<group>";
		};
		838F072B1B84C8B9004F1E22 /* LaunchScreen.storyboard */ = {
			isa = PBXVariantGroup;
			children = (
				838F072C1B84C8B9004F1E22 /* Base */,
			);
			name = LaunchScreen.storyboard;
			sourceTree = "<group>";
		};
/* End PBXVariantGroup section */

/* Begin XCBuildConfiguration section */
		838F07451B84C8B9004F1E22 /* Debug */ = {
			isa = XCBuildConfiguration;
			buildSettings = {
				ALWAYS_SEARCH_USER_PATHS = NO;
				CLANG_CXX_LANGUAGE_STANDARD = "gnu++0x";
				CLANG_CXX_LIBRARY = "libc++";
				CLANG_ENABLE_MODULES = YES;
				CLANG_ENABLE_OBJC_ARC = YES;
				CLANG_WARN_BOOL_CONVERSION = YES;
				CLANG_WARN_CONSTANT_CONVERSION = YES;
				CLANG_WARN_DIRECT_OBJC_ISA_USAGE = YES_ERROR;
				CLANG_WARN_EMPTY_BODY = YES;
				CLANG_WARN_ENUM_CONVERSION = YES;
				CLANG_WARN_INT_CONVERSION = YES;
				CLANG_WARN_OBJC_ROOT_CLASS = YES_ERROR;
				CLANG_WARN_UNREACHABLE_CODE = YES;
				CLANG_WARN__DUPLICATE_METHOD_MATCH = YES;
				"CODE_SIGN_IDENTITY[sdk=iphoneos*]" = "iPhone Developer";
				COPY_PHASE_STRIP = NO;
				DEBUG_INFORMATION_FORMAT = dwarf;
				ENABLE_STRICT_OBJC_MSGSEND = YES;
				ENABLE_TESTABILITY = YES;
				GCC_C_LANGUAGE_STANDARD = gnu99;
				GCC_DYNAMIC_NO_PIC = NO;
				GCC_NO_COMMON_BLOCKS = YES;
				GCC_OPTIMIZATION_LEVEL = 0;
				GCC_PREPROCESSOR_DEFINITIONS = (
					"DEBUG=1",
					"$(inherited)",
				);
				GCC_WARN_64_TO_32_BIT_CONVERSION = YES;
				GCC_WARN_ABOUT_RETURN_TYPE = YES_ERROR;
				GCC_WARN_UNDECLARED_SELECTOR = YES;
				GCC_WARN_UNINITIALIZED_AUTOS = YES_AGGRESSIVE;
				GCC_WARN_UNUSED_FUNCTION = YES;
				GCC_WARN_UNUSED_VARIABLE = YES;
				IPHONEOS_DEPLOYMENT_TARGET = 9.0;
				MTL_ENABLE_DEBUG_INFO = YES;
				ONLY_ACTIVE_ARCH = YES;
				SDKROOT = iphoneos;
				SWIFT_OPTIMIZATION_LEVEL = "-Onone";
			};
			name = Debug;
		};
		838F07461B84C8B9004F1E22 /* Release */ = {
			isa = XCBuildConfiguration;
			buildSettings = {
				ALWAYS_SEARCH_USER_PATHS = NO;
				CLANG_CXX_LANGUAGE_STANDARD = "gnu++0x";
				CLANG_CXX_LIBRARY = "libc++";
				CLANG_ENABLE_MODULES = YES;
				CLANG_ENABLE_OBJC_ARC = YES;
				CLANG_WARN_BOOL_CONVERSION = YES;
				CLANG_WARN_CONSTANT_CONVERSION = YES;
				CLANG_WARN_DIRECT_OBJC_ISA_USAGE = YES_ERROR;
				CLANG_WARN_EMPTY_BODY = YES;
				CLANG_WARN_ENUM_CONVERSION = YES;
				CLANG_WARN_INT_CONVERSION = YES;
				CLANG_WARN_OBJC_ROOT_CLASS = YES_ERROR;
				CLANG_WARN_UNREACHABLE_CODE = YES;
				CLANG_WARN__DUPLICATE_METHOD_MATCH = YES;
				"CODE_SIGN_IDENTITY[sdk=iphoneos*]" = "iPhone Developer";
				COPY_PHASE_STRIP = NO;
				DEBUG_INFORMATION_FORMAT = "dwarf-with-dsym";
				ENABLE_NS_ASSERTIONS = NO;
				ENABLE_STRICT_OBJC_MSGSEND = YES;
				GCC_C_LANGUAGE_STANDARD = gnu99;
				GCC_NO_COMMON_BLOCKS = YES;
				GCC_WARN_64_TO_32_BIT_CONVERSION = YES;
				GCC_WARN_ABOUT_RETURN_TYPE = YES_ERROR;
				GCC_WARN_UNDECLARED_SELECTOR = YES;
				GCC_WARN_UNINITIALIZED_AUTOS = YES_AGGRESSIVE;
				GCC_WARN_UNUSED_FUNCTION = YES;
				GCC_WARN_UNUSED_VARIABLE = YES;
				IPHONEOS_DEPLOYMENT_TARGET = 9.0;
				MTL_ENABLE_DEBUG_INFO = NO;
				SDKROOT = iphoneos;
				VALIDATE_PRODUCT = YES;
			};
			name = Release;
		};
		838F07481B84C8B9004F1E22 /* Debug */ = {
			isa = XCBuildConfiguration;
			baseConfigurationReference = 29350B0171DB4F5D92A3FA58 /* Pods-Routines.debug.xcconfig */;
			buildSettings = {
				ASSETCATALOG_COMPILER_APPICON_NAME = AppIcon;
				CLANG_ALLOW_NON_MODULAR_INCLUDES_IN_FRAMEWORK_MODULES = YES;
				CODE_SIGN_IDENTITY = "iPhone Developer";
				"CODE_SIGN_IDENTITY[sdk=iphoneos*]" = "iPhone Developer";
				EMBEDDED_CONTENT_CONTAINS_SWIFT = YES;
				ENABLE_BITCODE = NO;
				INFOPLIST_FILE = Routines/Info.plist;
				IPHONEOS_DEPLOYMENT_TARGET = 8.4;
				LD_RUNPATH_SEARCH_PATHS = "$(inherited) @executable_path/Frameworks";
				PRODUCT_BUNDLE_IDENTIFIER = com.asaphyuan.Routines;
				PRODUCT_NAME = "$(TARGET_NAME)";
				PROVISIONING_PROFILE = "";
				SWIFT_OBJC_BRIDGING_HEADER = Routines/BridgingHeader.h;
			};
			name = Debug;
		};
		838F07491B84C8B9004F1E22 /* Release */ = {
			isa = XCBuildConfiguration;
			baseConfigurationReference = 986884753262790BDD27B583 /* Pods-Routines.release.xcconfig */;
			buildSettings = {
				ASSETCATALOG_COMPILER_APPICON_NAME = AppIcon;
				CLANG_ALLOW_NON_MODULAR_INCLUDES_IN_FRAMEWORK_MODULES = YES;
				CODE_SIGN_IDENTITY = "iPhone Developer";
				"CODE_SIGN_IDENTITY[sdk=iphoneos*]" = "iPhone Developer";
				EMBEDDED_CONTENT_CONTAINS_SWIFT = YES;
				ENABLE_BITCODE = NO;
				INFOPLIST_FILE = Routines/Info.plist;
				IPHONEOS_DEPLOYMENT_TARGET = 8.4;
				LD_RUNPATH_SEARCH_PATHS = "$(inherited) @executable_path/Frameworks";
				PRODUCT_BUNDLE_IDENTIFIER = com.asaphyuan.Routines;
				PRODUCT_NAME = "$(TARGET_NAME)";
				PROVISIONING_PROFILE = "";
				SWIFT_OBJC_BRIDGING_HEADER = Routines/BridgingHeader.h;
			};
			name = Release;
		};
		838F074B1B84C8B9004F1E22 /* Debug */ = {
			isa = XCBuildConfiguration;
			buildSettings = {
				BUNDLE_LOADER = "$(TEST_HOST)";
				INFOPLIST_FILE = RoutinesTests/Info.plist;
				LD_RUNPATH_SEARCH_PATHS = "$(inherited) @executable_path/Frameworks @loader_path/Frameworks";
				PRODUCT_BUNDLE_IDENTIFIER = com.asaphyuan.RoutinesTests;
				PRODUCT_NAME = "$(TARGET_NAME)";
				TEST_HOST = "$(BUILT_PRODUCTS_DIR)/Routines.app/Routines";
			};
			name = Debug;
		};
		838F074C1B84C8B9004F1E22 /* Release */ = {
			isa = XCBuildConfiguration;
			buildSettings = {
				BUNDLE_LOADER = "$(TEST_HOST)";
				INFOPLIST_FILE = RoutinesTests/Info.plist;
				LD_RUNPATH_SEARCH_PATHS = "$(inherited) @executable_path/Frameworks @loader_path/Frameworks";
				PRODUCT_BUNDLE_IDENTIFIER = com.asaphyuan.RoutinesTests;
				PRODUCT_NAME = "$(TARGET_NAME)";
				TEST_HOST = "$(BUILT_PRODUCTS_DIR)/Routines.app/Routines";
			};
			name = Release;
		};
		838F074E1B84C8B9004F1E22 /* Debug */ = {
			isa = XCBuildConfiguration;
			buildSettings = {
				INFOPLIST_FILE = RoutinesUITests/Info.plist;
				LD_RUNPATH_SEARCH_PATHS = "$(inherited) @executable_path/Frameworks @loader_path/Frameworks";
				PRODUCT_BUNDLE_IDENTIFIER = com.asaphyuan.RoutinesUITests;
				PRODUCT_NAME = "$(TARGET_NAME)";
				TEST_TARGET_NAME = Routines;
				USES_XCTRUNNER = YES;
			};
			name = Debug;
		};
		838F074F1B84C8B9004F1E22 /* Release */ = {
			isa = XCBuildConfiguration;
			buildSettings = {
				INFOPLIST_FILE = RoutinesUITests/Info.plist;
				LD_RUNPATH_SEARCH_PATHS = "$(inherited) @executable_path/Frameworks @loader_path/Frameworks";
				PRODUCT_BUNDLE_IDENTIFIER = com.asaphyuan.RoutinesUITests;
				PRODUCT_NAME = "$(TARGET_NAME)";
				TEST_TARGET_NAME = Routines;
				USES_XCTRUNNER = YES;
			};
			name = Release;
		};
/* End XCBuildConfiguration section */

/* Begin XCConfigurationList section */
		838F071A1B84C8B8004F1E22 /* Build configuration list for PBXProject "Routines" */ = {
			isa = XCConfigurationList;
			buildConfigurations = (
				838F07451B84C8B9004F1E22 /* Debug */,
				838F07461B84C8B9004F1E22 /* Release */,
			);
			defaultConfigurationIsVisible = 0;
			defaultConfigurationName = Release;
		};
		838F07471B84C8B9004F1E22 /* Build configuration list for PBXNativeTarget "Routines" */ = {
			isa = XCConfigurationList;
			buildConfigurations = (
				838F07481B84C8B9004F1E22 /* Debug */,
				838F07491B84C8B9004F1E22 /* Release */,
			);
			defaultConfigurationIsVisible = 0;
			defaultConfigurationName = Release;
		};
		838F074A1B84C8B9004F1E22 /* Build configuration list for PBXNativeTarget "RoutinesTests" */ = {
			isa = XCConfigurationList;
			buildConfigurations = (
				838F074B1B84C8B9004F1E22 /* Debug */,
				838F074C1B84C8B9004F1E22 /* Release */,
			);
			defaultConfigurationIsVisible = 0;
			defaultConfigurationName = Release;
		};
		838F074D1B84C8B9004F1E22 /* Build configuration list for PBXNativeTarget "RoutinesUITests" */ = {
			isa = XCConfigurationList;
			buildConfigurations = (
				838F074E1B84C8B9004F1E22 /* Debug */,
				838F074F1B84C8B9004F1E22 /* Release */,
			);
			defaultConfigurationIsVisible = 0;
			defaultConfigurationName = Release;
		};
/* End XCConfigurationList section */
	};
	rootObject = 838F07171B84C8B8004F1E22 /* Project object */;
}
