// !$*UTF8*$!
{
	archiveVersion = 1;
	classes = {
	};
	objectVersion = 46;
	objects = {

/* Begin PBXBuildFile section */
		56655C473D5E47F1BDE4742B /* libPods.a in Frameworks */ = {isa = PBXBuildFile; fileRef = 31189C9E43B147CFA52DBC7C /* libPods.a */; };
		7519706D18EE39CE00B307C9 /* VolunteerViewController.m in Sources */ = {isa = PBXBuildFile; fileRef = 7519706C18EE39CE00B307C9 /* VolunteerViewController.m */; };
		75A8D2DA18ED507F0035BBEC /* CalChildViewController.m in Sources */ = {isa = PBXBuildFile; fileRef = 75A8D2D918ED507F0035BBEC /* CalChildViewController.m */; };
		75B98C2718ED239C00564385 /* CalendarViewController.m in Sources */ = {isa = PBXBuildFile; fileRef = 75B98C2618ED239C00564385 /* CalendarViewController.m */; };
		83052AB018DE1724001F7143 /* background_login.jpg in Resources */ = {isa = PBXBuildFile; fileRef = 83052AAF18DE1724001F7143 /* background_login.jpg */; };
		831965FF190B6D480053760B /* infoBackground.png in Resources */ = {isa = PBXBuildFile; fileRef = 831965FE190B6D480053760B /* infoBackground.png */; };
		83196601190B74EF0053760B /* eventbackground.png in Resources */ = {isa = PBXBuildFile; fileRef = 83196600190B74EF0053760B /* eventbackground.png */; };
		833AA2BA18DD71C300C89860 /* MessageUI.framework in Frameworks */ = {isa = PBXBuildFile; fileRef = 833AA2B918DD71C300C89860 /* MessageUI.framework */; };
		833AA2BD18DD7E0600C89860 /* QuartzCore.framework in Frameworks */ = {isa = PBXBuildFile; fileRef = 833AA2BB18DD76F400C89860 /* QuartzCore.framework */; };
		8360F1D918DD33E900337201 /* RegisterViewController.m in Sources */ = {isa = PBXBuildFile; fileRef = 8360F1D818DD33E900337201 /* RegisterViewController.m */; };
		8360F1FD18DD4F0B00337201 /* MapKit.framework in Frameworks */ = {isa = PBXBuildFile; fileRef = 8360F1FC18DD4F0B00337201 /* MapKit.framework */; };
		836C803E18FFADB6005846DA /* textfieldbackground.jpg in Resources */ = {isa = PBXBuildFile; fileRef = 836C803D18FFADB6005846DA /* textfieldbackground.jpg */; };
		8379EF611908F01B0009EB04 /* textfieldbackgroundorange.png in Resources */ = {isa = PBXBuildFile; fileRef = 8379EF601908F01B0009EB04 /* textfieldbackgroundorange.png */; };
		8379EF631908F1950009EB04 /* textfieldbackgroundgray.png in Resources */ = {isa = PBXBuildFile; fileRef = 8379EF621908F1950009EB04 /* textfieldbackgroundgray.png */; };
		8379EF671908F2310009EB04 /* textfieldbackgroundblue.png in Resources */ = {isa = PBXBuildFile; fileRef = 8379EF661908F2310009EB04 /* textfieldbackgroundblue.png */; };
		8379EF691908F4A10009EB04 /* blurred4.png in Resources */ = {isa = PBXBuildFile; fileRef = 8379EF681908F4A10009EB04 /* blurred4.png */; };
		8388048818DD976A0015B292 /* AboutViewController.m in Sources */ = {isa = PBXBuildFile; fileRef = 8388048718DD976A0015B292 /* AboutViewController.m */; };
		8388048E18DDA2E30015B292 /* Info.m in Sources */ = {isa = PBXBuildFile; fileRef = 8388048D18DDA2E30015B292 /* Info.m */; };
		8388049318DDDBEA0015B292 /* LoginViewController.m in Sources */ = {isa = PBXBuildFile; fileRef = 8388049218DDDBEA0015B292 /* LoginViewController.m */; };
		8388049618DDE3030015B292 /* SignupViewController.m in Sources */ = {isa = PBXBuildFile; fileRef = 8388049518DDE3030015B292 /* SignupViewController.m */; };
		83D1E53A18DD20A600457CCA /* Foundation.framework in Frameworks */ = {isa = PBXBuildFile; fileRef = 83D1E53918DD20A600457CCA /* Foundation.framework */; };
		83D1E53C18DD20A600457CCA /* CoreGraphics.framework in Frameworks */ = {isa = PBXBuildFile; fileRef = 83D1E53B18DD20A600457CCA /* CoreGraphics.framework */; };
		83D1E53E18DD20A700457CCA /* UIKit.framework in Frameworks */ = {isa = PBXBuildFile; fileRef = 83D1E53D18DD20A700457CCA /* UIKit.framework */; };
		83D1E54418DD20A700457CCA /* InfoPlist.strings in Resources */ = {isa = PBXBuildFile; fileRef = 83D1E54218DD20A700457CCA /* InfoPlist.strings */; };
		83D1E54618DD20A700457CCA /* main.m in Sources */ = {isa = PBXBuildFile; fileRef = 83D1E54518DD20A700457CCA /* main.m */; };
		83D1E54A18DD20A700457CCA /* AppDelegate.m in Sources */ = {isa = PBXBuildFile; fileRef = 83D1E54918DD20A700457CCA /* AppDelegate.m */; };
		83D1E54D18DD20A700457CCA /* Main_iPhone.storyboard in Resources */ = {isa = PBXBuildFile; fileRef = 83D1E54B18DD20A700457CCA /* Main_iPhone.storyboard */; };
		83D1E55018DD20A700457CCA /* Main_iPad.storyboard in Resources */ = {isa = PBXBuildFile; fileRef = 83D1E54E18DD20A700457CCA /* Main_iPad.storyboard */; };
		83D1E55318DD20A700457CCA /* ViewController.m in Sources */ = {isa = PBXBuildFile; fileRef = 83D1E55218DD20A700457CCA /* ViewController.m */; };
		83D1E55518DD20A700457CCA /* Images.xcassets in Resources */ = {isa = PBXBuildFile; fileRef = 83D1E55418DD20A700457CCA /* Images.xcassets */; };
		83D1E57618DD32B600457CCA /* MapViewController.m in Sources */ = {isa = PBXBuildFile; fileRef = 83D1E57518DD32B600457CCA /* MapViewController.m */; };
		83D1E57C18DD32CC00457CCA /* InfoViewController.m in Sources */ = {isa = PBXBuildFile; fileRef = 83D1E57B18DD32CC00457CCA /* InfoViewController.m */; };
		83D1E57F18DD32D700457CCA /* ContactViewController.m in Sources */ = {isa = PBXBuildFile; fileRef = 83D1E57E18DD32D700457CCA /* ContactViewController.m */; };
		83F0186C192E9B600037E6AE /* ptf_logo.png in Resources */ = {isa = PBXBuildFile; fileRef = 83F0186B192E9B600037E6AE /* ptf_logo.png */; };
		83F55BFB18EFB35000C8B52D /* EventViewController.m in Sources */ = {isa = PBXBuildFile; fileRef = 83F55BFA18EFB35000C8B52D /* EventViewController.m */; };
		A8E1D8611909EF3800675C05 /* signupbackground.png in Resources */ = {isa = PBXBuildFile; fileRef = A8E1D8601909EF3800675C05 /* signupbackground.png */; };
		DD99EF031909F0B600CCBB0C /* volunteerPageFinal-01.png in Resources */ = {isa = PBXBuildFile; fileRef = DD99EF021909F0B600CCBB0C /* volunteerPageFinal-01.png */; };
		DD9A0D7D1904E47100A9150D /* DeleteEventButton.png in Resources */ = {isa = PBXBuildFile; fileRef = DD9A0D7C1904E47100A9150D /* DeleteEventButton.png */; };
/* End PBXBuildFile section */

/* Begin PBXFileReference section */
		17443ACF6F2D4157A5F463A5 /* Pods.xcconfig */ = {isa = PBXFileReference; includeInIndex = 1; lastKnownFileType = text.xcconfig; name = Pods.xcconfig; path = Pods/Pods.xcconfig; sourceTree = "<group>"; };
		31189C9E43B147CFA52DBC7C /* libPods.a */ = {isa = PBXFileReference; explicitFileType = archive.ar; includeInIndex = 0; path = libPods.a; sourceTree = BUILT_PRODUCTS_DIR; };
		7519706B18EE39CE00B307C9 /* VolunteerViewController.h */ = {isa = PBXFileReference; fileEncoding = 4; lastKnownFileType = sourcecode.c.h; path = VolunteerViewController.h; sourceTree = "<group>"; };
		7519706C18EE39CE00B307C9 /* VolunteerViewController.m */ = {isa = PBXFileReference; fileEncoding = 4; lastKnownFileType = sourcecode.c.objc; path = VolunteerViewController.m; sourceTree = "<group>"; };
		75A8D2D818ED507F0035BBEC /* CalChildViewController.h */ = {isa = PBXFileReference; fileEncoding = 4; lastKnownFileType = sourcecode.c.h; path = CalChildViewController.h; sourceTree = "<group>"; };
		75A8D2D918ED507F0035BBEC /* CalChildViewController.m */ = {isa = PBXFileReference; fileEncoding = 4; lastKnownFileType = sourcecode.c.objc; path = CalChildViewController.m; sourceTree = "<group>"; };
		75B98C2518ED239C00564385 /* CalendarViewController.h */ = {isa = PBXFileReference; fileEncoding = 4; lastKnownFileType = sourcecode.c.h; path = CalendarViewController.h; sourceTree = "<group>"; };
		75B98C2618ED239C00564385 /* CalendarViewController.m */ = {isa = PBXFileReference; fileEncoding = 4; lastKnownFileType = sourcecode.c.objc; path = CalendarViewController.m; sourceTree = "<group>"; };
		83052AAF18DE1724001F7143 /* background_login.jpg */ = {isa = PBXFileReference; lastKnownFileType = image.jpeg; path = background_login.jpg; sourceTree = "<group>"; };
		831965FE190B6D480053760B /* infoBackground.png */ = {isa = PBXFileReference; lastKnownFileType = image.png; path = infoBackground.png; sourceTree = "<group>"; };
		83196600190B74EF0053760B /* eventbackground.png */ = {isa = PBXFileReference; lastKnownFileType = image.png; path = eventbackground.png; sourceTree = "<group>"; };
		833AA2B918DD71C300C89860 /* MessageUI.framework */ = {isa = PBXFileReference; lastKnownFileType = wrapper.framework; name = MessageUI.framework; path = System/Library/Frameworks/MessageUI.framework; sourceTree = SDKROOT; };
		833AA2BB18DD76F400C89860 /* QuartzCore.framework */ = {isa = PBXFileReference; lastKnownFileType = wrapper.framework; name = QuartzCore.framework; path = System/Library/Frameworks/QuartzCore.framework; sourceTree = SDKROOT; };
		8360F1D718DD33E900337201 /* RegisterViewController.h */ = {isa = PBXFileReference; fileEncoding = 4; lastKnownFileType = sourcecode.c.h; path = RegisterViewController.h; sourceTree = "<group>"; };
		8360F1D818DD33E900337201 /* RegisterViewController.m */ = {isa = PBXFileReference; fileEncoding = 4; lastKnownFileType = sourcecode.c.objc; path = RegisterViewController.m; sourceTree = "<group>"; };
		8360F1FC18DD4F0B00337201 /* MapKit.framework */ = {isa = PBXFileReference; lastKnownFileType = wrapper.framework; name = MapKit.framework; path = System/Library/Frameworks/MapKit.framework; sourceTree = SDKROOT; };
		836C803D18FFADB6005846DA /* textfieldbackground.jpg */ = {isa = PBXFileReference; lastKnownFileType = image.jpeg; path = textfieldbackground.jpg; sourceTree = "<group>"; };
		8379EF601908F01B0009EB04 /* textfieldbackgroundorange.png */ = {isa = PBXFileReference; lastKnownFileType = image.png; path = textfieldbackgroundorange.png; sourceTree = "<group>"; };
		8379EF621908F1950009EB04 /* textfieldbackgroundgray.png */ = {isa = PBXFileReference; lastKnownFileType = image.png; path = textfieldbackgroundgray.png; sourceTree = "<group>"; };
		8379EF661908F2310009EB04 /* textfieldbackgroundblue.png */ = {isa = PBXFileReference; lastKnownFileType = image.png; path = textfieldbackgroundblue.png; sourceTree = "<group>"; };
		8379EF681908F4A10009EB04 /* blurred4.png */ = {isa = PBXFileReference; lastKnownFileType = image.png; path = blurred4.png; sourceTree = "<group>"; };
		8388048618DD976A0015B292 /* AboutViewController.h */ = {isa = PBXFileReference; fileEncoding = 4; lastKnownFileType = sourcecode.c.h; path = AboutViewController.h; sourceTree = "<group>"; };
		8388048718DD976A0015B292 /* AboutViewController.m */ = {isa = PBXFileReference; fileEncoding = 4; lastKnownFileType = sourcecode.c.objc; path = AboutViewController.m; sourceTree = "<group>"; };
		8388048C18DDA2E30015B292 /* Info.h */ = {isa = PBXFileReference; fileEncoding = 4; lastKnownFileType = sourcecode.c.h; path = Info.h; sourceTree = "<group>"; };
		8388048D18DDA2E30015B292 /* Info.m */ = {isa = PBXFileReference; fileEncoding = 4; lastKnownFileType = sourcecode.c.objc; path = Info.m; sourceTree = "<group>"; };
		8388049118DDDBEA0015B292 /* LoginViewController.h */ = {isa = PBXFileReference; fileEncoding = 4; lastKnownFileType = sourcecode.c.h; path = LoginViewController.h; sourceTree = "<group>"; };
		8388049218DDDBEA0015B292 /* LoginViewController.m */ = {isa = PBXFileReference; fileEncoding = 4; lastKnownFileType = sourcecode.c.objc; path = LoginViewController.m; sourceTree = "<group>"; };
		8388049418DDE3030015B292 /* SignupViewController.h */ = {isa = PBXFileReference; fileEncoding = 4; lastKnownFileType = sourcecode.c.h; path = SignupViewController.h; sourceTree = "<group>"; };
		8388049518DDE3030015B292 /* SignupViewController.m */ = {isa = PBXFileReference; fileEncoding = 4; lastKnownFileType = sourcecode.c.objc; path = SignupViewController.m; sourceTree = "<group>"; };
		83D1E53618DD20A600457CCA /* Plymouth Taskforce for the Homeless.app */ = {isa = PBXFileReference; explicitFileType = wrapper.application; includeInIndex = 0; path = "Plymouth Taskforce for the Homeless.app"; sourceTree = BUILT_PRODUCTS_DIR; };
		83D1E53918DD20A600457CCA /* Foundation.framework */ = {isa = PBXFileReference; lastKnownFileType = wrapper.framework; name = Foundation.framework; path = System/Library/Frameworks/Foundation.framework; sourceTree = SDKROOT; };
		83D1E53B18DD20A600457CCA /* CoreGraphics.framework */ = {isa = PBXFileReference; lastKnownFileType = wrapper.framework; name = CoreGraphics.framework; path = System/Library/Frameworks/CoreGraphics.framework; sourceTree = SDKROOT; };
		83D1E53D18DD20A700457CCA /* UIKit.framework */ = {isa = PBXFileReference; lastKnownFileType = wrapper.framework; name = UIKit.framework; path = System/Library/Frameworks/UIKit.framework; sourceTree = SDKROOT; };
		83D1E54118DD20A700457CCA /* PTF-Info.plist */ = {isa = PBXFileReference; lastKnownFileType = text.plist.xml; path = "PTF-Info.plist"; sourceTree = "<group>"; };
		83D1E54318DD20A700457CCA /* en */ = {isa = PBXFileReference; lastKnownFileType = text.plist.strings; name = en; path = en.lproj/InfoPlist.strings; sourceTree = "<group>"; };
		83D1E54518DD20A700457CCA /* main.m */ = {isa = PBXFileReference; lastKnownFileType = sourcecode.c.objc; path = main.m; sourceTree = "<group>"; };
		83D1E54718DD20A700457CCA /* PTF-Prefix.pch */ = {isa = PBXFileReference; lastKnownFileType = sourcecode.c.h; path = "PTF-Prefix.pch"; sourceTree = "<group>"; };
		83D1E54818DD20A700457CCA /* AppDelegate.h */ = {isa = PBXFileReference; lastKnownFileType = sourcecode.c.h; path = AppDelegate.h; sourceTree = "<group>"; };
		83D1E54918DD20A700457CCA /* AppDelegate.m */ = {isa = PBXFileReference; lastKnownFileType = sourcecode.c.objc; path = AppDelegate.m; sourceTree = "<group>"; };
		83D1E54C18DD20A700457CCA /* Base */ = {isa = PBXFileReference; lastKnownFileType = file.storyboard; name = Base; path = Base.lproj/Main_iPhone.storyboard; sourceTree = "<group>"; };
		83D1E54F18DD20A700457CCA /* Base */ = {isa = PBXFileReference; lastKnownFileType = file.storyboard; name = Base; path = Base.lproj/Main_iPad.storyboard; sourceTree = "<group>"; };
		83D1E55118DD20A700457CCA /* ViewController.h */ = {isa = PBXFileReference; lastKnownFileType = sourcecode.c.h; path = ViewController.h; sourceTree = "<group>"; };
		83D1E55218DD20A700457CCA /* ViewController.m */ = {isa = PBXFileReference; lastKnownFileType = sourcecode.c.objc; path = ViewController.m; sourceTree = "<group>"; };
		83D1E55418DD20A700457CCA /* Images.xcassets */ = {isa = PBXFileReference; lastKnownFileType = folder.assetcatalog; path = Images.xcassets; sourceTree = "<group>"; };
		83D1E55B18DD20A700457CCA /* XCTest.framework */ = {isa = PBXFileReference; lastKnownFileType = wrapper.framework; name = XCTest.framework; path = Library/Frameworks/XCTest.framework; sourceTree = DEVELOPER_DIR; };
		83D1E56318DD20A700457CCA /* PTFTests-Info.plist */ = {isa = PBXFileReference; lastKnownFileType = text.plist.xml; path = "PTFTests-Info.plist"; sourceTree = "<group>"; };
		83D1E56518DD20A700457CCA /* en */ = {isa = PBXFileReference; lastKnownFileType = text.plist.strings; name = en; path = en.lproj/InfoPlist.strings; sourceTree = "<group>"; };
		83D1E56718DD20A700457CCA /* PTFTests.m */ = {isa = PBXFileReference; lastKnownFileType = sourcecode.c.objc; path = PTFTests.m; sourceTree = "<group>"; };
		83D1E57418DD32B600457CCA /* MapViewController.h */ = {isa = PBXFileReference; fileEncoding = 4; lastKnownFileType = sourcecode.c.h; path = MapViewController.h; sourceTree = "<group>"; };
		83D1E57518DD32B600457CCA /* MapViewController.m */ = {isa = PBXFileReference; fileEncoding = 4; lastKnownFileType = sourcecode.c.objc; path = MapViewController.m; sourceTree = "<group>"; };
		83D1E57A18DD32CC00457CCA /* InfoViewController.h */ = {isa = PBXFileReference; fileEncoding = 4; lastKnownFileType = sourcecode.c.h; path = InfoViewController.h; sourceTree = "<group>"; };
		83D1E57B18DD32CC00457CCA /* InfoViewController.m */ = {isa = PBXFileReference; fileEncoding = 4; lastKnownFileType = sourcecode.c.objc; path = InfoViewController.m; sourceTree = "<group>"; };
		83D1E57D18DD32D700457CCA /* ContactViewController.h */ = {isa = PBXFileReference; fileEncoding = 4; lastKnownFileType = sourcecode.c.h; path = ContactViewController.h; sourceTree = "<group>"; };
		83D1E57E18DD32D700457CCA /* ContactViewController.m */ = {isa = PBXFileReference; fileEncoding = 4; lastKnownFileType = sourcecode.c.objc; path = ContactViewController.m; sourceTree = "<group>"; };
		83F0186B192E9B600037E6AE /* ptf_logo.png */ = {isa = PBXFileReference; lastKnownFileType = image.png; path = ptf_logo.png; sourceTree = "<group>"; };
		83F55BF918EFB35000C8B52D /* EventViewController.h */ = {isa = PBXFileReference; fileEncoding = 4; lastKnownFileType = sourcecode.c.h; path = EventViewController.h; sourceTree = "<group>"; };
		83F55BFA18EFB35000C8B52D /* EventViewController.m */ = {isa = PBXFileReference; fileEncoding = 4; lastKnownFileType = sourcecode.c.objc; path = EventViewController.m; sourceTree = "<group>"; };
		A8E1D8601909EF3800675C05 /* signupbackground.png */ = {isa = PBXFileReference; lastKnownFileType = image.png; path = signupbackground.png; sourceTree = "<group>"; };
		DD99EF021909F0B600CCBB0C /* volunteerPageFinal-01.png */ = {isa = PBXFileReference; lastKnownFileType = image.png; path = "volunteerPageFinal-01.png"; sourceTree = "<group>"; };
		DD9A0D7C1904E47100A9150D /* DeleteEventButton.png */ = {isa = PBXFileReference; lastKnownFileType = image.png; path = DeleteEventButton.png; sourceTree = "<group>"; };
/* End PBXFileReference section */

/* Begin PBXFrameworksBuildPhase section */
		83D1E53318DD20A600457CCA /* Frameworks */ = {
			isa = PBXFrameworksBuildPhase;
			buildActionMask = 2147483647;
			files = (
				833AA2BD18DD7E0600C89860 /* QuartzCore.framework in Frameworks */,
				833AA2BA18DD71C300C89860 /* MessageUI.framework in Frameworks */,
				8360F1FD18DD4F0B00337201 /* MapKit.framework in Frameworks */,
				83D1E53C18DD20A600457CCA /* CoreGraphics.framework in Frameworks */,
				83D1E53E18DD20A700457CCA /* UIKit.framework in Frameworks */,
				83D1E53A18DD20A600457CCA /* Foundation.framework in Frameworks */,
				56655C473D5E47F1BDE4742B /* libPods.a in Frameworks */,
			);
			runOnlyForDeploymentPostprocessing = 0;
		};
/* End PBXFrameworksBuildPhase section */

/* Begin PBXGroup section */
		83D1E52D18DD20A600457CCA = {
			isa = PBXGroup;
			children = (
				83D1E53F18DD20A700457CCA /* PTF */,
				83D1E56118DD20A700457CCA /* PTFTests */,
				83D1E53818DD20A600457CCA /* Frameworks */,
				83D1E53718DD20A600457CCA /* Products */,
				17443ACF6F2D4157A5F463A5 /* Pods.xcconfig */,
			);
			sourceTree = "<group>";
		};
		83D1E53718DD20A600457CCA /* Products */ = {
			isa = PBXGroup;
			children = (
				83D1E53618DD20A600457CCA /* Plymouth Taskforce for the Homeless.app */,
			);
			name = Products;
			sourceTree = "<group>";
		};
		83D1E53818DD20A600457CCA /* Frameworks */ = {
			isa = PBXGroup;
			children = (
				833AA2BB18DD76F400C89860 /* QuartzCore.framework */,
				833AA2B918DD71C300C89860 /* MessageUI.framework */,
				8360F1FC18DD4F0B00337201 /* MapKit.framework */,
				83D1E53918DD20A600457CCA /* Foundation.framework */,
				83D1E53B18DD20A600457CCA /* CoreGraphics.framework */,
				83D1E53D18DD20A700457CCA /* UIKit.framework */,
				83D1E55B18DD20A700457CCA /* XCTest.framework */,
				31189C9E43B147CFA52DBC7C /* libPods.a */,
			);
			name = Frameworks;
			sourceTree = "<group>";
		};
		83D1E53F18DD20A700457CCA /* PTF */ = {
			isa = PBXGroup;
			children = (
				83D1E54B18DD20A700457CCA /* Main_iPhone.storyboard */,
				83D1E54818DD20A700457CCA /* AppDelegate.h */,
				83D1E54918DD20A700457CCA /* AppDelegate.m */,
				83F55BF918EFB35000C8B52D /* EventViewController.h */,
				83F55BFA18EFB35000C8B52D /* EventViewController.m */,
				7519706B18EE39CE00B307C9 /* VolunteerViewController.h */,
				7519706C18EE39CE00B307C9 /* VolunteerViewController.m */,
				8388049118DDDBEA0015B292 /* LoginViewController.h */,
				8388049218DDDBEA0015B292 /* LoginViewController.m */,
				75A8D2D818ED507F0035BBEC /* CalChildViewController.h */,
				75A8D2D918ED507F0035BBEC /* CalChildViewController.m */,
				75B98C2518ED239C00564385 /* CalendarViewController.h */,
				75B98C2618ED239C00564385 /* CalendarViewController.m */,
				83D1E57418DD32B600457CCA /* MapViewController.h */,
				83D1E57518DD32B600457CCA /* MapViewController.m */,
				8360F1D718DD33E900337201 /* RegisterViewController.h */,
				8360F1D818DD33E900337201 /* RegisterViewController.m */,
				8388049418DDE3030015B292 /* SignupViewController.h */,
				8388049518DDE3030015B292 /* SignupViewController.m */,
				83D1E57A18DD32CC00457CCA /* InfoViewController.h */,
				83D1E57B18DD32CC00457CCA /* InfoViewController.m */,
				8388048618DD976A0015B292 /* AboutViewController.h */,
				8388048718DD976A0015B292 /* AboutViewController.m */,
				8388048C18DDA2E30015B292 /* Info.h */,
				8388048D18DDA2E30015B292 /* Info.m */,
				83D1E57D18DD32D700457CCA /* ContactViewController.h */,
				83D1E57E18DD32D700457CCA /* ContactViewController.m */,
				83D1E54E18DD20A700457CCA /* Main_iPad.storyboard */,
				83D1E55118DD20A700457CCA /* ViewController.h */,
				83D1E55218DD20A700457CCA /* ViewController.m */,
				83D1E55418DD20A700457CCA /* Images.xcassets */,
				83D1E54018DD20A700457CCA /* Supporting Files */,
			);
			path = PTF;
			sourceTree = "<group>";
		};
		83D1E54018DD20A700457CCA /* Supporting Files */ = {
			isa = PBXGroup;
			children = (
				83F0186B192E9B600037E6AE /* ptf_logo.png */,
				83196600190B74EF0053760B /* eventbackground.png */,
				831965FE190B6D480053760B /* infoBackground.png */,
				A8E1D8601909EF3800675C05 /* signupbackground.png */,
				8379EF681908F4A10009EB04 /* blurred4.png */,
				8379EF661908F2310009EB04 /* textfieldbackgroundblue.png */,
				DD99EF021909F0B600CCBB0C /* volunteerPageFinal-01.png */,
				8379EF621908F1950009EB04 /* textfieldbackgroundgray.png */,
				8379EF601908F01B0009EB04 /* textfieldbackgroundorange.png */,
				DD9A0D7C1904E47100A9150D /* DeleteEventButton.png */,
				836C803D18FFADB6005846DA /* textfieldbackground.jpg */,
				83052AAF18DE1724001F7143 /* background_login.jpg */,
				83D1E54118DD20A700457CCA /* PTF-Info.plist */,
				83D1E54218DD20A700457CCA /* InfoPlist.strings */,
				83D1E54518DD20A700457CCA /* main.m */,
				83D1E54718DD20A700457CCA /* PTF-Prefix.pch */,
			);
			name = "Supporting Files";
			sourceTree = "<group>";
		};
		83D1E56118DD20A700457CCA /* PTFTests */ = {
			isa = PBXGroup;
			children = (
				83D1E56718DD20A700457CCA /* PTFTests.m */,
				83D1E56218DD20A700457CCA /* Supporting Files */,
			);
			path = PTFTests;
			sourceTree = "<group>";
		};
		83D1E56218DD20A700457CCA /* Supporting Files */ = {
			isa = PBXGroup;
			children = (
				83D1E56318DD20A700457CCA /* PTFTests-Info.plist */,
				83D1E56418DD20A700457CCA /* InfoPlist.strings */,
			);
			name = "Supporting Files";
			sourceTree = "<group>";
		};
/* End PBXGroup section */

/* Begin PBXNativeTarget section */
		83D1E53518DD20A600457CCA /* Plymouth Taskforce for the Homeless */ = {
			isa = PBXNativeTarget;
			buildConfigurationList = 83D1E56B18DD20A700457CCA /* Build configuration list for PBXNativeTarget "Plymouth Taskforce for the Homeless" */;
			buildPhases = (
				8B5CE8E16C7E45CCB2B8EF73 /* Check Pods Manifest.lock */,
				83D1E53218DD20A600457CCA /* Sources */,
				83D1E53318DD20A600457CCA /* Frameworks */,
				83D1E53418DD20A600457CCA /* Resources */,
				FC2ECC5A407C4B95ABC63305 /* Copy Pods Resources */,
			);
			buildRules = (
			);
			dependencies = (
			);
			name = "Plymouth Taskforce for the Homeless";
			productName = PTF;
			productReference = 83D1E53618DD20A600457CCA /* Plymouth Taskforce for the Homeless.app */;
			productType = "com.apple.product-type.application";
		};
/* End PBXNativeTarget section */

/* Begin PBXProject section */
		83D1E52E18DD20A600457CCA /* Project object */ = {
			isa = PBXProject;
			attributes = {
				LastUpgradeCheck = 0510;
				ORGANIZATIONNAME = "Global App Initiative";
				TargetAttributes = {
					83D1E53518DD20A600457CCA = {
						DevelopmentTeam = A6U3U98955;
					};
				};
			};
			buildConfigurationList = 83D1E53118DD20A600457CCA /* Build configuration list for PBXProject "PTF" */;
			compatibilityVersion = "Xcode 3.2";
			developmentRegion = English;
			hasScannedForEncodings = 0;
			knownRegions = (
				en,
				Base,
			);
			mainGroup = 83D1E52D18DD20A600457CCA;
			productRefGroup = 83D1E53718DD20A600457CCA /* Products */;
			projectDirPath = "";
			projectRoot = "";
			targets = (
				83D1E53518DD20A600457CCA /* Plymouth Taskforce for the Homeless */,
			);
		};
/* End PBXProject section */

/* Begin PBXResourcesBuildPhase section */
		83D1E53418DD20A600457CCA /* Resources */ = {
			isa = PBXResourcesBuildPhase;
			buildActionMask = 2147483647;
			files = (
				8379EF611908F01B0009EB04 /* textfieldbackgroundorange.png in Resources */,
				831965FF190B6D480053760B /* infoBackground.png in Resources */,
				DD99EF031909F0B600CCBB0C /* volunteerPageFinal-01.png in Resources */,
				83D1E55018DD20A700457CCA /* Main_iPad.storyboard in Resources */,
				8379EF631908F1950009EB04 /* textfieldbackgroundgray.png in Resources */,
				83196601190B74EF0053760B /* eventbackground.png in Resources */,
				83D1E55518DD20A700457CCA /* Images.xcassets in Resources */,
				A8E1D8611909EF3800675C05 /* signupbackground.png in Resources */,
				83D1E54D18DD20A700457CCA /* Main_iPhone.storyboard in Resources */,
				83F0186C192E9B600037E6AE /* ptf_logo.png in Resources */,
				DD9A0D7D1904E47100A9150D /* DeleteEventButton.png in Resources */,
				83052AB018DE1724001F7143 /* background_login.jpg in Resources */,
				83D1E54418DD20A700457CCA /* InfoPlist.strings in Resources */,
				836C803E18FFADB6005846DA /* textfieldbackground.jpg in Resources */,
				8379EF671908F2310009EB04 /* textfieldbackgroundblue.png in Resources */,
				8379EF691908F4A10009EB04 /* blurred4.png in Resources */,
			);
			runOnlyForDeploymentPostprocessing = 0;
		};
/* End PBXResourcesBuildPhase section */

/* Begin PBXShellScriptBuildPhase section */
		8B5CE8E16C7E45CCB2B8EF73 /* Check Pods Manifest.lock */ = {
			isa = PBXShellScriptBuildPhase;
			buildActionMask = 2147483647;
			files = (
			);
			inputPaths = (
			);
			name = "Check Pods Manifest.lock";
			outputPaths = (
			);
			runOnlyForDeploymentPostprocessing = 0;
			shellPath = /bin/sh;
			shellScript = "diff \"${PODS_ROOT}/../Podfile.lock\" \"${PODS_ROOT}/Manifest.lock\" > /dev/null\nif [[ $? != 0 ]] ; then\n    cat << EOM\nerror: The sandbox is not in sync with the Podfile.lock. Run 'pod install' or update your CocoaPods installation.\nEOM\n    exit 1\nfi\n";
			showEnvVarsInLog = 0;
		};
		FC2ECC5A407C4B95ABC63305 /* Copy Pods Resources */ = {
			isa = PBXShellScriptBuildPhase;
			buildActionMask = 2147483647;
			files = (
			);
			inputPaths = (
			);
			name = "Copy Pods Resources";
			outputPaths = (
			);
			runOnlyForDeploymentPostprocessing = 0;
			shellPath = /bin/sh;
			shellScript = "\"${SRCROOT}/Pods/Pods-resources.sh\"\n";
			showEnvVarsInLog = 0;
		};
/* End PBXShellScriptBuildPhase section */

/* Begin PBXSourcesBuildPhase section */
		83D1E53218DD20A600457CCA /* Sources */ = {
			isa = PBXSourcesBuildPhase;
			buildActionMask = 2147483647;
			files = (
				8388048818DD976A0015B292 /* AboutViewController.m in Sources */,
				83D1E55318DD20A700457CCA /* ViewController.m in Sources */,
				83D1E57618DD32B600457CCA /* MapViewController.m in Sources */,
				75A8D2DA18ED507F0035BBEC /* CalChildViewController.m in Sources */,
				83D1E54A18DD20A700457CCA /* AppDelegate.m in Sources */,
				75B98C2718ED239C00564385 /* CalendarViewController.m in Sources */,
				8388048E18DDA2E30015B292 /* Info.m in Sources */,
				8388049618DDE3030015B292 /* SignupViewController.m in Sources */,
				83D1E57F18DD32D700457CCA /* ContactViewController.m in Sources */,
				83D1E57C18DD32CC00457CCA /* InfoViewController.m in Sources */,
				83D1E54618DD20A700457CCA /* main.m in Sources */,
				8388049318DDDBEA0015B292 /* LoginViewController.m in Sources */,
				83F55BFB18EFB35000C8B52D /* EventViewController.m in Sources */,
				8360F1D918DD33E900337201 /* RegisterViewController.m in Sources */,
				7519706D18EE39CE00B307C9 /* VolunteerViewController.m in Sources */,
			);
			runOnlyForDeploymentPostprocessing = 0;
		};
/* End PBXSourcesBuildPhase section */

/* Begin PBXVariantGroup section */
		83D1E54218DD20A700457CCA /* InfoPlist.strings */ = {
			isa = PBXVariantGroup;
			children = (
				83D1E54318DD20A700457CCA /* en */,
			);
			name = InfoPlist.strings;
			sourceTree = "<group>";
		};
		83D1E54B18DD20A700457CCA /* Main_iPhone.storyboard */ = {
			isa = PBXVariantGroup;
			children = (
				83D1E54C18DD20A700457CCA /* Base */,
			);
			name = Main_iPhone.storyboard;
			sourceTree = "<group>";
		};
		83D1E54E18DD20A700457CCA /* Main_iPad.storyboard */ = {
			isa = PBXVariantGroup;
			children = (
				83D1E54F18DD20A700457CCA /* Base */,
			);
			name = Main_iPad.storyboard;
			sourceTree = "<group>";
		};
		83D1E56418DD20A700457CCA /* InfoPlist.strings */ = {
			isa = PBXVariantGroup;
			children = (
				83D1E56518DD20A700457CCA /* en */,
			);
			name = InfoPlist.strings;
			sourceTree = "<group>";
		};
/* End PBXVariantGroup section */

/* Begin XCBuildConfiguration section */
		83D1E56918DD20A700457CCA /* Debug */ = {
			isa = XCBuildConfiguration;
			buildSettings = {
				ALWAYS_SEARCH_USER_PATHS = NO;
				CLANG_CXX_LANGUAGE_STANDARD = "gnu++0x";
				CLANG_CXX_LIBRARY = "libc++";
				CLANG_ENABLE_MODULES = YES;
				CLANG_ENABLE_OBJC_ARC = YES;
				CLANG_WARN_BOOL_CONVERSION = YES;
				CLANG_WARN_CONSTANT_CONVERSION = YES;
				CLANG_WARN_DIRECT_OBJC_ISA_USAGE = YES_ERROR;
				CLANG_WARN_EMPTY_BODY = YES;
				CLANG_WARN_ENUM_CONVERSION = YES;
				CLANG_WARN_INT_CONVERSION = YES;
				CLANG_WARN_OBJC_ROOT_CLASS = YES_ERROR;
				CLANG_WARN__DUPLICATE_METHOD_MATCH = YES;
				"CODE_SIGN_IDENTITY[sdk=iphoneos*]" = "iPhone Developer";
				COPY_PHASE_STRIP = NO;
				GCC_C_LANGUAGE_STANDARD = gnu99;
				GCC_DYNAMIC_NO_PIC = NO;
				GCC_OPTIMIZATION_LEVEL = 0;
				GCC_PREPROCESSOR_DEFINITIONS = (
					"DEBUG=1",
					"$(inherited)",
				);
				GCC_SYMBOLS_PRIVATE_EXTERN = NO;
				GCC_WARN_64_TO_32_BIT_CONVERSION = YES;
				GCC_WARN_ABOUT_RETURN_TYPE = YES_ERROR;
				GCC_WARN_UNDECLARED_SELECTOR = YES;
				GCC_WARN_UNINITIALIZED_AUTOS = YES_AGGRESSIVE;
				GCC_WARN_UNUSED_FUNCTION = YES;
				GCC_WARN_UNUSED_VARIABLE = YES;
				IPHONEOS_DEPLOYMENT_TARGET = 7.1;
				ONLY_ACTIVE_ARCH = YES;
				SDKROOT = iphoneos;
				TARGETED_DEVICE_FAMILY = "1,2";
			};
			name = Debug;
		};
		83D1E56A18DD20A700457CCA /* Release */ = {
			isa = XCBuildConfiguration;
			buildSettings = {
				ALWAYS_SEARCH_USER_PATHS = NO;
				CLANG_CXX_LANGUAGE_STANDARD = "gnu++0x";
				CLANG_CXX_LIBRARY = "libc++";
				CLANG_ENABLE_MODULES = YES;
				CLANG_ENABLE_OBJC_ARC = YES;
				CLANG_WARN_BOOL_CONVERSION = YES;
				CLANG_WARN_CONSTANT_CONVERSION = YES;
				CLANG_WARN_DIRECT_OBJC_ISA_USAGE = YES_ERROR;
				CLANG_WARN_EMPTY_BODY = YES;
				CLANG_WARN_ENUM_CONVERSION = YES;
				CLANG_WARN_INT_CONVERSION = YES;
				CLANG_WARN_OBJC_ROOT_CLASS = YES_ERROR;
				CLANG_WARN__DUPLICATE_METHOD_MATCH = YES;
				"CODE_SIGN_IDENTITY[sdk=iphoneos*]" = "iPhone Developer";
				COPY_PHASE_STRIP = YES;
				ENABLE_NS_ASSERTIONS = NO;
				GCC_C_LANGUAGE_STANDARD = gnu99;
				GCC_WARN_64_TO_32_BIT_CONVERSION = YES;
				GCC_WARN_ABOUT_RETURN_TYPE = YES_ERROR;
				GCC_WARN_UNDECLARED_SELECTOR = YES;
				GCC_WARN_UNINITIALIZED_AUTOS = YES_AGGRESSIVE;
				GCC_WARN_UNUSED_FUNCTION = YES;
				GCC_WARN_UNUSED_VARIABLE = YES;
				IPHONEOS_DEPLOYMENT_TARGET = 7.1;
				SDKROOT = iphoneos;
				TARGETED_DEVICE_FAMILY = "1,2";
				VALIDATE_PRODUCT = YES;
			};
			name = Release;
		};
		83D1E56C18DD20A700457CCA /* Debug */ = {
			isa = XCBuildConfiguration;
			baseConfigurationReference = 17443ACF6F2D4157A5F463A5 /* Pods.xcconfig */;
			buildSettings = {
				ASSETCATALOG_COMPILER_APPICON_NAME = AppIcon;
				ASSETCATALOG_COMPILER_LAUNCHIMAGE_NAME = LaunchImage;
				CODE_SIGN_IDENTITY = "iPhone Developer";
				"CODE_SIGN_IDENTITY[sdk=iphoneos*]" = "iPhone Developer";
				GCC_PRECOMPILE_PREFIX_HEADER = YES;
				GCC_PREFIX_HEADER = "PTF/PTF-Prefix.pch";
				INFOPLIST_FILE = "PTF/PTF-Info.plist";
				IPHONEOS_DEPLOYMENT_TARGET = 7.0;
				PRODUCT_NAME = "$(TARGET_NAME)";
				PROVISIONING_PROFILE = "452C5C20-6B11-4A02-8385-2369806AED2F";
				TARGETED_DEVICE_FAMILY = 1;
				WRAPPER_EXTENSION = app;
			};
			name = Debug;
		};
		83D1E56D18DD20A700457CCA /* Release */ = {
			isa = XCBuildConfiguration;
			baseConfigurationReference = 17443ACF6F2D4157A5F463A5 /* Pods.xcconfig */;
			buildSettings = {
				ASSETCATALOG_COMPILER_APPICON_NAME = AppIcon;
				ASSETCATALOG_COMPILER_LAUNCHIMAGE_NAME = LaunchImage;
				CODE_SIGN_IDENTITY = "iPhone Distribution: Plymouth Taskforce for the Homeless (A6U3U98955)";
				"CODE_SIGN_IDENTITY[sdk=iphoneos*]" = "iPhone Distribution: Plymouth Taskforce for the Homeless (A6U3U98955)";
				GCC_PRECOMPILE_PREFIX_HEADER = YES;
				GCC_PREFIX_HEADER = "PTF/PTF-Prefix.pch";
				INFOPLIST_FILE = "PTF/PTF-Info.plist";
				IPHONEOS_DEPLOYMENT_TARGET = 7.0;
				PRODUCT_NAME = "$(TARGET_NAME)";
				PROVISIONING_PROFILE = "452C5C20-6B11-4A02-8385-2369806AED2F";
				TARGETED_DEVICE_FAMILY = 1;
				WRAPPER_EXTENSION = app;
			};
			name = Release;
		};
/* End XCBuildConfiguration section */

/* Begin XCConfigurationList section */
		83D1E53118DD20A600457CCA /* Build configuration list for PBXProject "PTF" */ = {
			isa = XCConfigurationList;
			buildConfigurations = (
				83D1E56918DD20A700457CCA /* Debug */,
				83D1E56A18DD20A700457CCA /* Release */,
			);
			defaultConfigurationIsVisible = 0;
			defaultConfigurationName = Release;
		};
		83D1E56B18DD20A700457CCA /* Build configuration list for PBXNativeTarget "Plymouth Taskforce for the Homeless" */ = {
			isa = XCConfigurationList;
			buildConfigurations = (
				83D1E56C18DD20A700457CCA /* Debug */,
				83D1E56D18DD20A700457CCA /* Release */,
			);
			defaultConfigurationIsVisible = 0;
			defaultConfigurationName = Release;
		};
/* End XCConfigurationList section */
	};
	rootObject = 83D1E52E18DD20A600457CCA /* Project object */;
}
